{
  "version": 4,
  "terraform_version": "1.13.2",
  "serial": 100,
  "lineage": "8db5898f-f3b4-b445-a4ac-5409de548e8b",
  "outputs": {
    "api_domain": {
      "value": "api-optima-jp.xva-rnd.com",
      "type": "string"
    },
    "api_server_id": {
      "value": "i-016f76fcedc6948e1",
      "type": "string"
    },
    "api_server_public_ip": {
      "value": "57.180.248.227",
      "type": "string"
    },
    "public_subnet_ids": {
      "value": [
        "subnet-0cab8d4a1ac652ed7",
        "subnet-0f38d1fa7959b6781"
      ],
      "type": [
        "tuple",
        [
          "string",
          "string"
        ]
      ]
    },
    "rds_endpoint": {
      "value": "optima-jp-demo.cf8sm6y8kqw0.ap-northeast-1.rds.amazonaws.com:1433",
      "type": "string",
      "sensitive": true
    },
    "ssh_key_file": {
      "value": "optima-jp-demo.pem",
      "type": "string"
    },
    "ui_domain": {
      "value": "optima-jp.xva-rnd.com",
      "type": "string"
    },
    "ui_server_public_ip": {
      "value": "13.114.231.140",
      "type": "string"
    },
    "vpc_id": {
      "value": "vpc-09e847c4c8c880fbd",
      "type": "string"
    }
  },
  "resources": [
    {
      "module": "module.compute",
      "mode": "data",
      "type": "aws_ami",
      "name": "ubuntu",
      "provider": "provider[\"registry.terraform.io/hashicorp/aws\"]",
      "instances": [
        {
          "schema_version": 0,
          "attributes": {
            "architecture": "x86_64",
            "arn": "arn:aws:ec2:ap-northeast-1::image/ami-07ae0926c47de3c97",
            "block_device_mappings": [
              {
                "device_name": "/dev/sda1",
                "ebs": {
                  "delete_on_termination": "true",
                  "encrypted": "false",
                  "iops": "0",
                  "snapshot_id": "snap-0f27461dc1604b8e7",
                  "throughput": "0",
                  "volume_initialization_rate": "0",
                  "volume_size": "8",
                  "volume_type": "gp2"
                },
                "no_device": "",
                "virtual_name": ""
              },
              {
                "device_name": "/dev/sdb",
                "ebs": {},
                "no_device": "",
                "virtual_name": "ephemeral0"
              },
              {
                "device_name": "/dev/sdc",
                "ebs": {},
                "no_device": "",
                "virtual_name": "ephemeral1"
              }
            ],
            "boot_mode": "uefi-preferred",
            "creation_date": "2025-09-11T06:55:04.000Z",
            "deprecation_time": "2027-09-11T06:55:04.000Z",
            "description": "Canonical, Ubuntu, 22.04, amd64 jammy image",
            "ena_support": true,
            "executable_users": null,
            "filter": [
              {
                "name": "name",
                "values": [
                  "ubuntu/images/hvm-ssd/ubuntu-jammy-22.04-amd64-server-*"
                ]
              },
              {
                "name": "state",
                "values": [
                  "available"
                ]
              },
              {
                "name": "virtualization-type",
                "values": [
                  "hvm"
                ]
              }
            ],
            "hypervisor": "xen",
            "id": "ami-07ae0926c47de3c97",
            "image_id": "ami-07ae0926c47de3c97",
            "image_location": "amazon/ubuntu/images/hvm-ssd/ubuntu-jammy-22.04-amd64-server-20250911",
            "image_owner_alias": "amazon",
            "image_type": "machine",
            "imds_support": "",
            "include_deprecated": false,
            "kernel_id": "",
            "last_launched_time": "",
            "most_recent": true,
            "name": "ubuntu/images/hvm-ssd/ubuntu-jammy-22.04-amd64-server-20250911",
            "name_regex": null,
            "owner_id": "099720109477",
            "owners": [
              "099720109477"
            ],
            "platform": "",
            "platform_details": "Linux/UNIX",
            "product_codes": [],
            "public": true,
            "ramdisk_id": "",
            "root_device_name": "/dev/sda1",
            "root_device_type": "ebs",
            "root_snapshot_id": "snap-0f27461dc1604b8e7",
            "sriov_net_support": "simple",
            "state": "available",
            "state_reason": {
              "code": "UNSET",
              "message": "UNSET"
            },
            "tags": {},
            "timeouts": null,
            "tpm_support": "",
            "uefi_data": null,
            "usage_operation": "RunInstances",
            "virtualization_type": "hvm"
          },
          "sensitive_attributes": [],
          "identity_schema_version": 0
        }
      ]
    },
    {
      "module": "module.compute",
      "mode": "data",
      "type": "aws_ami",
      "name": "windows_server",
      "provider": "provider[\"registry.terraform.io/hashicorp/aws\"]",
      "instances": [
        {
          "schema_version": 0,
          "attributes": {
            "architecture": "x86_64",
            "arn": "arn:aws:ec2:ap-northeast-1::image/ami-02f8df8fa7411ff58",
            "block_device_mappings": [
              {
                "device_name": "/dev/sda1",
                "ebs": {
                  "delete_on_termination": "true",
                  "encrypted": "false",
                  "iops": "0",
                  "snapshot_id": "snap-0cbba39a697bb81cd",
                  "throughput": "0",
                  "volume_initialization_rate": "0",
                  "volume_size": "30",
                  "volume_type": "gp2"
                },
                "no_device": "",
                "virtual_name": ""
              },
              {
                "device_name": "xvdca",
                "ebs": {},
                "no_device": "",
                "virtual_name": "ephemeral0"
              },
              {
                "device_name": "xvdcb",
                "ebs": {},
                "no_device": "",
                "virtual_name": "ephemeral1"
              },
              {
                "device_name": "xvdcc",
                "ebs": {},
                "no_device": "",
                "virtual_name": "ephemeral2"
              },
              {
                "device_name": "xvdcd",
                "ebs": {},
                "no_device": "",
                "virtual_name": "ephemeral3"
              },
              {
                "device_name": "xvdce",
                "ebs": {},
                "no_device": "",
                "virtual_name": "ephemeral4"
              },
              {
                "device_name": "xvdcf",
                "ebs": {},
                "no_device": "",
                "virtual_name": "ephemeral5"
              },
              {
                "device_name": "xvdcg",
                "ebs": {},
                "no_device": "",
                "virtual_name": "ephemeral6"
              },
              {
                "device_name": "xvdch",
                "ebs": {},
                "no_device": "",
                "virtual_name": "ephemeral7"
              },
              {
                "device_name": "xvdci",
                "ebs": {},
                "no_device": "",
                "virtual_name": "ephemeral8"
              },
              {
                "device_name": "xvdcj",
                "ebs": {},
                "no_device": "",
                "virtual_name": "ephemeral9"
              },
              {
                "device_name": "xvdck",
                "ebs": {},
                "no_device": "",
                "virtual_name": "ephemeral10"
              },
              {
                "device_name": "xvdcl",
                "ebs": {},
                "no_device": "",
                "virtual_name": "ephemeral11"
              },
              {
                "device_name": "xvdcm",
                "ebs": {},
                "no_device": "",
                "virtual_name": "ephemeral12"
              },
              {
                "device_name": "xvdcn",
                "ebs": {},
                "no_device": "",
                "virtual_name": "ephemeral13"
              },
              {
                "device_name": "xvdco",
                "ebs": {},
                "no_device": "",
                "virtual_name": "ephemeral14"
              },
              {
                "device_name": "xvdcp",
                "ebs": {},
                "no_device": "",
                "virtual_name": "ephemeral15"
              },
              {
                "device_name": "xvdcq",
                "ebs": {},
                "no_device": "",
                "virtual_name": "ephemeral16"
              },
              {
                "device_name": "xvdcr",
                "ebs": {},
                "no_device": "",
                "virtual_name": "ephemeral17"
              },
              {
                "device_name": "xvdcs",
                "ebs": {},
                "no_device": "",
                "virtual_name": "ephemeral18"
              },
              {
                "device_name": "xvdct",
                "ebs": {},
                "no_device": "",
                "virtual_name": "ephemeral19"
              },
              {
                "device_name": "xvdcu",
                "ebs": {},
                "no_device": "",
                "virtual_name": "ephemeral20"
              },
              {
                "device_name": "xvdcv",
                "ebs": {},
                "no_device": "",
                "virtual_name": "ephemeral21"
              },
              {
                "device_name": "xvdcw",
                "ebs": {},
                "no_device": "",
                "virtual_name": "ephemeral22"
              },
              {
                "device_name": "xvdcx",
                "ebs": {},
                "no_device": "",
                "virtual_name": "ephemeral23"
              },
              {
                "device_name": "xvdcy",
                "ebs": {},
                "no_device": "",
                "virtual_name": "ephemeral24"
              },
              {
                "device_name": "xvdcz",
                "ebs": {},
                "no_device": "",
                "virtual_name": "ephemeral25"
              }
            ],
            "boot_mode": "",
            "creation_date": "2025-09-12T04:01:26.000Z",
            "deprecation_time": "2027-09-12T04:01:26.000Z",
            "description": "Microsoft Windows Server 2022 Full Locale English AMI provided by Amazon",
            "ena_support": true,
            "executable_users": null,
            "filter": [
              {
                "name": "name",
                "values": [
                  "Windows_Server-2022-English-Full-Base-*"
                ]
              },
              {
                "name": "virtualization-type",
                "values": [
                  "hvm"
                ]
              }
            ],
            "hypervisor": "xen",
            "id": "ami-02f8df8fa7411ff58",
            "image_id": "ami-02f8df8fa7411ff58",
            "image_location": "amazon/Windows_Server-2022-English-Full-Base-2025.09.10",
            "image_owner_alias": "amazon",
            "image_type": "machine",
            "imds_support": "",
            "include_deprecated": false,
            "kernel_id": "",
            "last_launched_time": "",
            "most_recent": true,
            "name": "Windows_Server-2022-English-Full-Base-2025.09.10",
            "name_regex": null,
            "owner_id": "801119661308",
            "owners": [
              "amazon"
            ],
            "platform": "windows",
            "platform_details": "Windows",
            "product_codes": [],
            "public": true,
            "ramdisk_id": "",
            "root_device_name": "/dev/sda1",
            "root_device_type": "ebs",
            "root_snapshot_id": "snap-0cbba39a697bb81cd",
            "sriov_net_support": "simple",
            "state": "available",
            "state_reason": {
              "code": "UNSET",
              "message": "UNSET"
            },
            "tags": {},
            "timeouts": null,
            "tpm_support": "",
            "uefi_data": null,
            "usage_operation": "RunInstances:0002",
            "virtualization_type": "hvm"
          },
          "sensitive_attributes": [],
          "identity_schema_version": 0
        }
      ]
    },
    {
      "module": "module.compute",
      "mode": "managed",
      "type": "aws_db_instance",
      "name": "optima",
      "provider": "provider[\"registry.terraform.io/hashicorp/aws\"]",
      "instances": [
        {
          "schema_version": 2,
          "attributes": {
            "address": "optima-jp-demo.cf8sm6y8kqw0.ap-northeast-1.rds.amazonaws.com",
            "allocated_storage": 20,
            "allow_major_version_upgrade": null,
            "apply_immediately": false,
            "arn": "arn:aws:rds:ap-northeast-1:764673263023:db:optima-jp-demo",
            "auto_minor_version_upgrade": true,
            "availability_zone": "ap-northeast-1c",
            "backup_retention_period": 7,
            "backup_target": "region",
            "backup_window": "03:00-04:00",
            "blue_green_update": [],
            "ca_cert_identifier": "rds-ca-rsa2048-g1",
            "character_set_name": "SQL_Latin1_General_CP1_CI_AS",
            "copy_tags_to_snapshot": false,
            "custom_iam_instance_profile": "",
            "customer_owned_ip_enabled": false,
            "database_insights_mode": "standard",
            "db_name": "",
            "db_subnet_group_name": "optima-jp-demo",
            "dedicated_log_volume": false,
            "delete_automated_backups": true,
            "deletion_protection": false,
            "domain": "",
            "domain_auth_secret_arn": "",
            "domain_dns_ips": [],
            "domain_fqdn": "",
            "domain_iam_role_name": "",
            "domain_ou": "",
            "enabled_cloudwatch_logs_exports": [],
            "endpoint": "optima-jp-demo.cf8sm6y8kqw0.ap-northeast-1.rds.amazonaws.com:1433",
            "engine": "sqlserver-ex",
            "engine_lifecycle_support": "",
            "engine_version": "15.00.4316.3.v1",
            "engine_version_actual": "15.00.4316.3.v1",
            "final_snapshot_identifier": null,
            "hosted_zone_id": "Z24O6O9L7SGTNB",
            "iam_database_authentication_enabled": false,
            "id": "db-CAFEHT6J6MB4RR637SAANVJ6WU",
            "identifier": "optima-jp-demo",
            "identifier_prefix": "",
            "instance_class": "db.t3.micro",
            "iops": 0,
            "kms_key_id": "arn:aws:kms:ap-northeast-1:764673263023:key/9d1c26b4-ed49-4696-a6f5-4175be4860c5",
            "latest_restorable_time": "2025-09-15T10:50:02Z",
            "license_model": "license-included",
            "listener_endpoint": [],
            "maintenance_window": "sun:04:00-sun:05:00",
            "manage_master_user_password": null,
            "master_user_secret": [],
            "master_user_secret_kms_key_id": null,
            "max_allocated_storage": 40,
            "monitoring_interval": 0,
            "monitoring_role_arn": "",
            "multi_az": false,
            "nchar_character_set_name": "",
            "network_type": "IPV4",
            "option_group_name": "default:sqlserver-ex-15-00",
            "parameter_group_name": "default.sqlserver-ex-15.0",
            "password": "OptimaDemo2024!",
            "password_wo": null,
            "password_wo_version": null,
            "performance_insights_enabled": false,
            "performance_insights_kms_key_id": "",
            "performance_insights_retention_period": 0,
            "port": 1433,
            "publicly_accessible": false,
            "replica_mode": "",
            "replicas": [],
            "replicate_source_db": "",
            "resource_id": "db-CAFEHT6J6MB4RR637SAANVJ6WU",
            "restore_to_point_in_time": [],
            "s3_import": [],
            "skip_final_snapshot": true,
            "snapshot_identifier": null,
            "status": "available",
            "storage_encrypted": true,
            "storage_throughput": 0,
            "storage_type": "gp2",
            "tags": {
              "Country": "jp",
              "Environment": "demo",
              "Name": "optima-jp-demo-rds"
            },
            "tags_all": {
              "Country": "jp",
              "Environment": "demo",
              "Name": "optima-jp-demo-rds"
            },
            "timeouts": null,
            "timezone": "",
            "upgrade_storage_config": null,
            "username": "optima_admin",
            "vpc_security_group_ids": [
              "sg-04b47c8a12cf9d346"
            ]
          },
          "sensitive_attributes": [
            [
              {
                "type": "get_attr",
                "value": "password"
              }
            ],
            [
              {
                "type": "get_attr",
                "value": "password_wo"
              }
            ]
          ],
          "identity_schema_version": 0,
          "private": "eyJlMmJmYjczMC1lY2FhLTExZTYtOGY4OC0zNDM2M2JjN2M0YzAiOnsiY3JlYXRlIjozMDAwMDAwMDAwMDAwLCJkZWxldGUiOjM2MDAwMDAwMDAwMDAsInVwZGF0ZSI6NDgwMDAwMDAwMDAwMH0sInNjaGVtYV92ZXJzaW9uIjoiMiJ9",
          "dependencies": [
            "module.compute.aws_db_subnet_group.optima",
            "module.compute.aws_security_group.api_server",
            "module.compute.aws_security_group.rds",
            "module.compute.aws_security_group.ui_server",
            "module.networking.aws_subnet.private",
            "module.networking.aws_vpc.main"
          ]
        }
      ]
    },
    {
      "module": "module.compute",
      "mode": "managed",
      "type": "aws_db_subnet_group",
      "name": "optima",
      "provider": "provider[\"registry.terraform.io/hashicorp/aws\"]",
      "instances": [
        {
          "schema_version": 0,
          "attributes": {
            "arn": "arn:aws:rds:ap-northeast-1:764673263023:subgrp:optima-jp-demo",
            "description": "Managed by Terraform",
            "id": "optima-jp-demo",
            "name": "optima-jp-demo",
            "name_prefix": "",
            "subnet_ids": [
              "subnet-0ae45e6a92aafc849",
              "subnet-0e6c8dc67a082e9d7"
            ],
            "supported_network_types": [
              "IPV4"
            ],
            "tags": {
              "Country": "jp",
              "Environment": "demo",
              "Name": "optima-jp-demo-db-subnet-group"
            },
            "tags_all": {
              "Country": "jp",
              "Environment": "demo",
              "Name": "optima-jp-demo-db-subnet-group"
            },
            "vpc_id": "vpc-09e847c4c8c880fbd"
          },
          "sensitive_attributes": [],
          "identity_schema_version": 0,
          "private": "bnVsbA==",
          "dependencies": [
            "module.networking.aws_subnet.private",
            "module.networking.aws_vpc.main"
          ]
        }
      ]
    },
    {
      "module": "module.compute",
      "mode": "managed",
      "type": "aws_instance",
      "name": "api_server",
      "provider": "provider[\"registry.terraform.io/hashicorp/aws\"]",
      "instances": [
        {
          "schema_version": 1,
          "attributes": {
            "ami": "ami-02f8df8fa7411ff58",
            "arn": "arn:aws:ec2:ap-northeast-1:764673263023:instance/i-016f76fcedc6948e1",
            "associate_public_ip_address": true,
            "availability_zone": "ap-northeast-1a",
            "capacity_reservation_specification": [
              {
                "capacity_reservation_preference": "open",
                "capacity_reservation_target": []
              }
            ],
            "cpu_core_count": 1,
            "cpu_options": [
              {
                "amd_sev_snp": "",
                "core_count": 1,
                "threads_per_core": 2
              }
            ],
            "cpu_threads_per_core": 2,
            "credit_specification": [
              {
                "cpu_credits": "unlimited"
              }
            ],
            "disable_api_stop": false,
            "disable_api_termination": false,
            "ebs_block_device": [],
            "ebs_optimized": false,
            "enable_primary_ipv6": null,
            "enclave_options": [
              {
                "enabled": false
              }
            ],
            "ephemeral_block_device": [],
            "get_password_data": false,
            "hibernation": false,
            "host_id": "",
            "host_resource_group_arn": null,
            "iam_instance_profile": "",
            "id": "i-016f76fcedc6948e1",
            "instance_initiated_shutdown_behavior": "stop",
            "instance_lifecycle": "",
            "instance_market_options": [],
            "instance_state": "running",
            "instance_type": "t3.medium",
            "ipv6_address_count": 0,
            "ipv6_addresses": [],
            "key_name": "optima-jp-demo",
            "launch_template": [],
            "maintenance_options": [
              {
                "auto_recovery": "default"
              }
            ],
            "metadata_options": [
              {
                "http_endpoint": "enabled",
                "http_protocol_ipv6": "disabled",
                "http_put_response_hop_limit": 1,
                "http_tokens": "optional",
                "instance_metadata_tags": "disabled"
              }
            ],
            "monitoring": false,
            "network_interface": [],
            "outpost_arn": "",
            "password_data": "",
            "placement_group": "",
            "placement_partition_number": 0,
            "primary_network_interface_id": "eni-0613e08f312359de2",
            "private_dns": "ip-10-0-1-198.ap-northeast-1.compute.internal",
            "private_dns_name_options": [
              {
                "enable_resource_name_dns_a_record": false,
                "enable_resource_name_dns_aaaa_record": false,
                "hostname_type": "ip-name"
              }
            ],
            "private_ip": "10.0.1.198",
            "public_dns": "ec2-57-180-248-227.ap-northeast-1.compute.amazonaws.com",
            "public_ip": "57.180.248.227",
            "root_block_device": [
              {
                "delete_on_termination": true,
                "device_name": "/dev/sda1",
                "encrypted": true,
                "iops": 3000,
                "kms_key_id": "arn:aws:kms:ap-northeast-1:764673263023:key/cfc0710f-e23b-4999-9fec-32b9f3f7ff1d",
                "tags": {},
                "tags_all": {},
                "throughput": 125,
                "volume_id": "vol-04ec69b9ebf4a48f7",
                "volume_size": 50,
                "volume_type": "gp3"
              }
            ],
            "secondary_private_ips": [],
            "security_groups": [],
            "source_dest_check": true,
            "spot_instance_request_id": "",
            "subnet_id": "subnet-0cab8d4a1ac652ed7",
            "tags": {
              "Country": "jp",
              "Environment": "demo",
              "Name": "optima-jp-demo-api",
              "OS": "windows",
              "Role": "api-server"
            },
            "tags_all": {
              "Country": "jp",
              "Environment": "demo",
              "Name": "optima-jp-demo-api",
              "OS": "windows",
              "Role": "api-server"
            },
            "tenancy": "default",
            "timeouts": null,
            "user_data": "28065fafc41bd8b95ae30501136f24fb4576eddd",
            "user_data_base64": null,
            "user_data_replace_on_change": false,
            "volume_tags": null,
            "vpc_security_group_ids": [
              "sg-04455d7e32f23cad6"
            ]
          },
          "sensitive_attributes": [
            [
              {
                "type": "get_attr",
                "value": "user_data"
              }
            ]
          ],
          "identity_schema_version": 0,
          "private": "eyJlMmJmYjczMC1lY2FhLTExZTYtOGY4OC0zNDM2M2JjN2M0YzAiOnsiY3JlYXRlIjo2MDAwMDAwMDAwMDAsImRlbGV0ZSI6MTIwMDAwMDAwMDAwMCwicmVhZCI6OTAwMDAwMDAwMDAwLCJ1cGRhdGUiOjYwMDAwMDAwMDAwMH0sInNjaGVtYV92ZXJzaW9uIjoiMSJ9",
          "dependencies": [
            "module.compute.aws_db_instance.optima",
            "module.compute.aws_db_subnet_group.optima",
            "module.compute.aws_key_pair.optima",
            "module.compute.aws_security_group.api_server",
            "module.compute.aws_security_group.rds",
            "module.compute.aws_security_group.ui_server",
            "module.compute.data.aws_ami.windows_server",
            "module.compute.tls_private_key.optima",
            "module.networking.aws_subnet.private",
            "module.networking.aws_subnet.public",
            "module.networking.aws_vpc.main"
          ]
        }
      ]
    },
    {
      "module": "module.compute",
      "mode": "managed",
      "type": "aws_instance",
      "name": "ui_server",
      "provider": "provider[\"registry.terraform.io/hashicorp/aws\"]",
      "instances": [
        {
          "schema_version": 1,
          "attributes": {
            "ami": "ami-07ae0926c47de3c97",
            "arn": "arn:aws:ec2:ap-northeast-1:764673263023:instance/i-0464e0ebf0cc8d724",
            "associate_public_ip_address": true,
            "availability_zone": "ap-northeast-1c",
            "capacity_reservation_specification": [
              {
                "capacity_reservation_preference": "open",
                "capacity_reservation_target": []
              }
            ],
            "cpu_core_count": 1,
            "cpu_options": [
              {
                "amd_sev_snp": "",
                "core_count": 1,
                "threads_per_core": 2
              }
            ],
            "cpu_threads_per_core": 2,
            "credit_specification": [
              {
                "cpu_credits": "unlimited"
              }
            ],
            "disable_api_stop": false,
            "disable_api_termination": false,
            "ebs_block_device": [],
            "ebs_optimized": false,
            "enable_primary_ipv6": null,
            "enclave_options": [
              {
                "enabled": false
              }
            ],
            "ephemeral_block_device": [],
            "get_password_data": false,
            "hibernation": false,
            "host_id": "",
            "host_resource_group_arn": null,
            "iam_instance_profile": "",
            "id": "i-0464e0ebf0cc8d724",
            "instance_initiated_shutdown_behavior": "stop",
            "instance_lifecycle": "",
            "instance_market_options": [],
            "instance_state": "running",
            "instance_type": "t3.small",
            "ipv6_address_count": 0,
            "ipv6_addresses": [],
            "key_name": "optima-jp-demo",
            "launch_template": [],
            "maintenance_options": [
              {
                "auto_recovery": "default"
              }
            ],
            "metadata_options": [
              {
                "http_endpoint": "enabled",
                "http_protocol_ipv6": "disabled",
                "http_put_response_hop_limit": 1,
                "http_tokens": "optional",
                "instance_metadata_tags": "disabled"
              }
            ],
            "monitoring": false,
            "network_interface": [],
            "outpost_arn": "",
            "password_data": "",
            "placement_group": "",
            "placement_partition_number": 0,
            "primary_network_interface_id": "eni-03d49bd17cf99ff1d",
            "private_dns": "ip-10-0-2-70.ap-northeast-1.compute.internal",
            "private_dns_name_options": [
              {
                "enable_resource_name_dns_a_record": false,
                "enable_resource_name_dns_aaaa_record": false,
                "hostname_type": "ip-name"
              }
            ],
            "private_ip": "10.0.2.70",
            "public_dns": "ec2-13-114-231-140.ap-northeast-1.compute.amazonaws.com",
            "public_ip": "13.114.231.140",
            "root_block_device": [
              {
                "delete_on_termination": true,
                "device_name": "/dev/sda1",
                "encrypted": true,
                "iops": 3000,
                "kms_key_id": "arn:aws:kms:ap-northeast-1:764673263023:key/cfc0710f-e23b-4999-9fec-32b9f3f7ff1d",
                "tags": {},
                "tags_all": {},
                "throughput": 125,
                "volume_id": "vol-0e99ccd02d3d8a3ee",
                "volume_size": 20,
                "volume_type": "gp3"
              }
            ],
            "secondary_private_ips": [],
            "security_groups": [],
            "source_dest_check": true,
            "spot_instance_request_id": "",
            "subnet_id": "subnet-0f38d1fa7959b6781",
            "tags": {
              "Country": "jp",
              "Environment": "demo",
              "Name": "optima-jp-demo-ui",
              "OS": "ubuntu",
              "Role": "ui-server"
            },
            "tags_all": {
              "Country": "jp",
              "Environment": "demo",
              "Name": "optima-jp-demo-ui",
              "OS": "ubuntu",
              "Role": "ui-server"
            },
            "tenancy": "default",
            "timeouts": null,
            "user_data": "af10d2b1cfb61b725dd92da24c76a6f1cfd6f2bb",
            "user_data_base64": null,
            "user_data_replace_on_change": false,
            "volume_tags": null,
            "vpc_security_group_ids": [
              "sg-0ee98b291e5347ee4"
            ]
          },
          "sensitive_attributes": [
            [
              {
                "type": "get_attr",
                "value": "user_data"
              }
            ]
          ],
          "identity_schema_version": 0,
          "private": "eyJlMmJmYjczMC1lY2FhLTExZTYtOGY4OC0zNDM2M2JjN2M0YzAiOnsiY3JlYXRlIjo2MDAwMDAwMDAwMDAsImRlbGV0ZSI6MTIwMDAwMDAwMDAwMCwicmVhZCI6OTAwMDAwMDAwMDAwLCJ1cGRhdGUiOjYwMDAwMDAwMDAwMH0sInNjaGVtYV92ZXJzaW9uIjoiMSJ9",
          "dependencies": [
            "module.compute.aws_db_instance.optima",
            "module.compute.aws_db_subnet_group.optima",
            "module.compute.aws_instance.api_server",
            "module.compute.aws_key_pair.optima",
            "module.compute.aws_security_group.api_server",
            "module.compute.aws_security_group.rds",
            "module.compute.aws_security_group.ui_server",
            "module.compute.data.aws_ami.ubuntu",
            "module.compute.data.aws_ami.windows_server",
            "module.compute.tls_private_key.optima",
            "module.networking.aws_subnet.private",
            "module.networking.aws_subnet.public",
            "module.networking.aws_vpc.main"
          ]
        }
      ]
    },
    {
      "module": "module.compute",
      "mode": "managed",
      "type": "aws_key_pair",
      "name": "optima",
      "provider": "provider[\"registry.terraform.io/hashicorp/aws\"]",
      "instances": [
        {
          "schema_version": 1,
          "attributes": {
            "arn": "arn:aws:ec2:ap-northeast-1:764673263023:key-pair/optima-jp-demo",
            "fingerprint": "85:cd:46:25:e4:f0:b5:eb:e7:2b:bc:a2:1d:89:05:e4",
            "id": "optima-jp-demo",
            "key_name": "optima-jp-demo",
            "key_name_prefix": "",
            "key_pair_id": "key-0c211131296a02392",
            "key_type": "rsa",
            "public_key": "ssh-rsa AAAAB3NzaC1yc2EAAAADAQABAAABAQDQyFzR8o8S4iHfDYpss75fGRtVizQAoNNA77vRrYToz0lIDisnB3yvsJOGREVhAObJJhQLbDShjtoB6IbA1MDrBPbH7+XeFzQowlI5Gk51wCqUw1LTSlE+d1E5/8aoh+0Jl3YKCmBLXuycbeWR/DeqJYJwZoAcq9VqbstsB9MoDfk49IEjeefhCwMxmejL38Ql5SHxELRzCUc283DleDUzdWpM4ODZryxMl/zMkt6ThO6hGF0xTn6/koY+kC6ndW+6GbVgpQehzvH1PDunzi/HKvm1rVGd3pC04kDJ6ZrXyxXGCPiEBXaz/LxPExq+/DJ6DO+tMtr9JVaavKChqkN/",
            "tags": {
              "Country": "jp",
              "Environment": "demo",
              "Name": "optima-jp-demo"
            },
            "tags_all": {
              "Country": "jp",
              "Environment": "demo",
              "Name": "optima-jp-demo"
            }
          },
          "sensitive_attributes": [],
          "identity_schema_version": 0,
          "private": "eyJzY2hlbWFfdmVyc2lvbiI6IjEifQ==",
          "dependencies": [
            "module.compute.tls_private_key.optima"
          ]
        }
      ]
    },
    {
      "module": "module.compute",
      "mode": "managed",
      "type": "aws_security_group",
      "name": "api_server",
      "provider": "provider[\"registry.terraform.io/hashicorp/aws\"]",
      "instances": [
        {
          "schema_version": 1,
          "attributes": {
            "arn": "arn:aws:ec2:ap-northeast-1:764673263023:security-group/sg-04455d7e32f23cad6",
            "description": "Security group for Optima API Server (.NET 7/Windows)",
            "egress": [
              {
                "cidr_blocks": [
                  "0.0.0.0/0"
                ],
                "description": "",
                "from_port": 0,
                "ipv6_cidr_blocks": [],
                "prefix_list_ids": [],
                "protocol": "-1",
                "security_groups": [],
                "self": false,
                "to_port": 0
              }
            ],
            "id": "sg-04455d7e32f23cad6",
            "ingress": [
              {
                "cidr_blocks": [
                  "0.0.0.0/0"
                ],
                "description": "",
                "from_port": 3389,
                "ipv6_cidr_blocks": [],
                "prefix_list_ids": [],
                "protocol": "tcp",
                "security_groups": [],
                "self": false,
                "to_port": 3389
              },
              {
                "cidr_blocks": [
                  "0.0.0.0/0"
                ],
                "description": "",
                "from_port": 443,
                "ipv6_cidr_blocks": [],
                "prefix_list_ids": [],
                "protocol": "tcp",
                "security_groups": [],
                "self": false,
                "to_port": 443
              },
              {
                "cidr_blocks": [
                  "0.0.0.0/0"
                ],
                "description": "",
                "from_port": 80,
                "ipv6_cidr_blocks": [],
                "prefix_list_ids": [],
                "protocol": "tcp",
                "security_groups": [],
                "self": false,
                "to_port": 80
              },
              {
                "cidr_blocks": [
                  "10.0.0.0/16"
                ],
                "description": "",
                "from_port": 8080,
                "ipv6_cidr_blocks": [],
                "prefix_list_ids": [],
                "protocol": "tcp",
                "security_groups": [],
                "self": false,
                "to_port": 8080
              }
            ],
            "name": "optima-jp-demo-api-20250915022048806100000004",
            "name_prefix": "optima-jp-demo-api-",
            "owner_id": "764673263023",
            "revoke_rules_on_delete": false,
            "tags": {
              "Name": "optima-jp-demo-api-sg"
            },
            "tags_all": {
              "Name": "optima-jp-demo-api-sg"
            },
            "timeouts": null,
            "vpc_id": "vpc-09e847c4c8c880fbd"
          },
          "sensitive_attributes": [],
          "identity_schema_version": 0,
          "private": "eyJlMmJmYjczMC1lY2FhLTExZTYtOGY4OC0zNDM2M2JjN2M0YzAiOnsiY3JlYXRlIjo2MDAwMDAwMDAwMDAsImRlbGV0ZSI6OTAwMDAwMDAwMDAwfSwic2NoZW1hX3ZlcnNpb24iOiIxIn0=",
          "dependencies": [
            "module.networking.aws_vpc.main"
          ]
        }
      ]
    },
    {
      "module": "module.compute",
      "mode": "managed",
      "type": "aws_security_group",
      "name": "rds",
      "provider": "provider[\"registry.terraform.io/hashicorp/aws\"]",
      "instances": [
        {
          "schema_version": 1,
          "attributes": {
            "arn": "arn:aws:ec2:ap-northeast-1:764673263023:security-group/sg-04b47c8a12cf9d346",
            "description": "Security group for Optima RDS SQL Server",
            "egress": [
              {
                "cidr_blocks": [
                  "0.0.0.0/0"
                ],
                "description": "",
                "from_port": 0,
                "ipv6_cidr_blocks": [],
                "prefix_list_ids": [],
                "protocol": "-1",
                "security_groups": [],
                "self": false,
                "to_port": 0
              }
            ],
            "id": "sg-04b47c8a12cf9d346",
            "ingress": [
              {
                "cidr_blocks": [],
                "description": "",
                "from_port": 1433,
                "ipv6_cidr_blocks": [],
                "prefix_list_ids": [],
                "protocol": "tcp",
                "security_groups": [
                  "sg-04455d7e32f23cad6"
                ],
                "self": false,
                "to_port": 1433
              },
              {
                "cidr_blocks": [],
                "description": "",
                "from_port": 1433,
                "ipv6_cidr_blocks": [],
                "prefix_list_ids": [],
                "protocol": "tcp",
                "security_groups": [
                  "sg-0ee98b291e5347ee4"
                ],
                "self": false,
                "to_port": 1433
              }
            ],
            "name": "optima-jp-demo-rds-20250915022052861100000006",
            "name_prefix": "optima-jp-demo-rds-",
            "owner_id": "764673263023",
            "revoke_rules_on_delete": false,
            "tags": {
              "Name": "optima-jp-demo-rds-sg"
            },
            "tags_all": {
              "Name": "optima-jp-demo-rds-sg"
            },
            "timeouts": null,
            "vpc_id": "vpc-09e847c4c8c880fbd"
          },
          "sensitive_attributes": [],
          "identity_schema_version": 0,
          "private": "eyJlMmJmYjczMC1lY2FhLTExZTYtOGY4OC0zNDM2M2JjN2M0YzAiOnsiY3JlYXRlIjo2MDAwMDAwMDAwMDAsImRlbGV0ZSI6OTAwMDAwMDAwMDAwfSwic2NoZW1hX3ZlcnNpb24iOiIxIn0=",
          "dependencies": [
            "module.compute.aws_security_group.api_server",
            "module.compute.aws_security_group.ui_server",
            "module.networking.aws_vpc.main"
          ]
        }
      ]
    },
    {
      "module": "module.compute",
      "mode": "managed",
      "type": "aws_security_group",
      "name": "ui_server",
      "provider": "provider[\"registry.terraform.io/hashicorp/aws\"]",
      "instances": [
        {
          "schema_version": 1,
          "attributes": {
            "arn": "arn:aws:ec2:ap-northeast-1:764673263023:security-group/sg-0ee98b291e5347ee4",
            "description": "Security group for Optima UI Server (Laravel/Ubuntu)",
            "egress": [
              {
                "cidr_blocks": [
                  "0.0.0.0/0"
                ],
                "description": "",
                "from_port": 0,
                "ipv6_cidr_blocks": [],
                "prefix_list_ids": [],
                "protocol": "-1",
                "security_groups": [],
                "self": false,
                "to_port": 0
              }
            ],
            "id": "sg-0ee98b291e5347ee4",
            "ingress": [
              {
                "cidr_blocks": [
                  "0.0.0.0/0"
                ],
                "description": "",
                "from_port": 22,
                "ipv6_cidr_blocks": [],
                "prefix_list_ids": [],
                "protocol": "tcp",
                "security_groups": [],
                "self": false,
                "to_port": 22
              },
              {
                "cidr_blocks": [
                  "0.0.0.0/0"
                ],
                "description": "",
                "from_port": 443,
                "ipv6_cidr_blocks": [],
                "prefix_list_ids": [],
                "protocol": "tcp",
                "security_groups": [],
                "self": false,
                "to_port": 443
              },
              {
                "cidr_blocks": [
                  "0.0.0.0/0"
                ],
                "description": "",
                "from_port": 80,
                "ipv6_cidr_blocks": [],
                "prefix_list_ids": [],
                "protocol": "tcp",
                "security_groups": [],
                "self": false,
                "to_port": 80
              }
            ],
            "name": "optima-jp-demo-ui-20250915022048805200000002",
            "name_prefix": "optima-jp-demo-ui-",
            "owner_id": "764673263023",
            "revoke_rules_on_delete": false,
            "tags": {
              "Name": "optima-jp-demo-ui-sg"
            },
            "tags_all": {
              "Name": "optima-jp-demo-ui-sg"
            },
            "timeouts": null,
            "vpc_id": "vpc-09e847c4c8c880fbd"
          },
          "sensitive_attributes": [],
          "identity_schema_version": 0,
          "private": "eyJlMmJmYjczMC1lY2FhLTExZTYtOGY4OC0zNDM2M2JjN2M0YzAiOnsiY3JlYXRlIjo2MDAwMDAwMDAwMDAsImRlbGV0ZSI6OTAwMDAwMDAwMDAwfSwic2NoZW1hX3ZlcnNpb24iOiIxIn0=",
          "dependencies": [
            "module.networking.aws_vpc.main"
          ]
        }
      ]
    },
    {
      "module": "module.compute",
      "mode": "managed",
      "type": "local_file",
      "name": "private_key",
      "provider": "provider[\"registry.terraform.io/hashicorp/local\"]",
      "instances": [
        {
          "schema_version": 0,
          "attributes": {
            "content": "-----BEGIN RSA PRIVATE KEY-----\nMIIEowIBAAKCAQEA0Mhc0fKPEuIh3w2KbLO+XxkbVYs0AKDTQO+70a2E6M9JSA4r\nJwd8r7CThkRFYQDmySYUC2w0oY7aAeiGwNTA6wT2x+/l3hc0KMJSORpOdcAqlMNS\n00pRPndROf/GqIftCZd2CgpgS17snG3lkfw3qiWCcGaAHKvVam7LbAfTKA35OPSB\nI3nn4QsDMZnoy9/EJeUh8RC0cwlHNvNw5Xg1M3VqTODg2a8sTJf8zJLek4TuoRhd\nMU5+v5KGPpAup3Vvuhm1YKUHoc7x9Tw7p84vxyr5ta1Rnd6QtOJAyema18sVxgj4\nhAV2s/y8TxMavvwyegzvrTLa/SVWmrygoapDfwIDAQABAoIBAB5lHQY/ns6r9yxm\n50EeBdgIaq9QfbidsUOh4yEKdvABxXRlA6lB8MgPF9sTM1qE7BRao85p6Vuf1WMz\nu/J0xsUwStEevsNPc3t/lsLTbpq76DcSHIvAJQXIDx43e29ronmkAD5D9nLileXM\nJgDTzDLMFSpR8dK6vW4qRRksJnSNGK/C8B914AtNjOkkPpWXtyRIi+DqgYwxiM4X\n7B8GUKLcwtOoXk17dItlidElHaCjVdchZyPjYTs4cDHIUxyLSV3Q/ROpVDp4QvuB\nDICJJnjykV6cXPr61EZ/YBzdZSjE0EnOwdH+5YvKljXWf2/lzvLjFvIM0rcMP5BY\nUYHSetECgYEA1LHVF+LjLXGzNFDSKyYQKxNuhHgsKAIgmF2wQrtnf2Tvulj3kAZQ\nM1Ibh009/hVrAmATt8YOzUlOiDist/xH48Fi+E49+oytIyCwWCO/D9rRfjO8AiiB\n4TAxaGbW4maS0lHKg/ppIsjT/lKAJmo6dxJyEpITn706hP7WcFoSd9kCgYEA+0qg\nqXMV+hMbYLBmFM0OtoGiiLgSH3xxvRsx5SFVU93i0/nxeTzu0N6Gg9xbwH03gVgx\nsGl9pOOBeqZTz2d4n7eA6tQ/7wJ/cB8A0g9FRUUpNDYY0UKnzqJZW6P97OTB2q/c\nzF0oiPkUx4b6pqt/I+UfOnMAaISbaGLwXJoFFxcCgYA/EXA3gf6NFh7mT2TSiJnY\nvA1UWHH3dxIFPBqs3vcEjoCLSCA4Y7baUOl6yEuukNlHPgf6wU7YTnlr6SpF8Be9\nEDXxnPnB1n7sYKAJsqfP4rml618/YJWKmYi9BWmIfpPgq4IaemE8gEJkMkBvo6Ys\ncprCqPAKuMimcQ5TCFJbmQKBgQDv4mPQnr5iBY9jE8G/Jalf7AyeeylByWhCYA2X\nb+SmtPBt7vHnDJXl6id7BQbJkD9GSEzW3T1GBLB7xv/GxD3QKjr08T0/CqFhBReh\nb1ZvNACLiQDT8s+CYFTxOHGUjSPJgYxDwsKJT03Y0y+/n4M1Xuoav+Gp5Lz+P0S5\nAYbObQKBgDyK814usxQDR1eqe2rdvZiNBEMgqtv2VQY05VD2Cr3VzBd7I/9AXHnJ\n7kUZnipsNOnsLrYAqEhEZ3OEYDc3FZ/4X2etno4YAI2FzSjpTFzJd+12mpikje/V\nj1v4Da1XDPKPd7m1dIcmVJoJwMbnBHTpGgq+qhEIf3cuqHu9p+ef\n-----END RSA PRIVATE KEY-----\n",
            "content_base64": null,
            "content_base64sha256": "gGMzmt9Mku29hCUMKrXwRVsB+05gRIirBP0xb5W2wjA=",
            "content_base64sha512": "NCMtrqIvR9i0dY5TnUB2jVbYXKAdSN+6+GFWNCJU2tkJVXb2bzWQ/FPbcMBwttKceCqqszObzqnL2COMj84MPg==",
            "content_md5": "128dda0dc02dc0104c3967406ed92d33",
            "content_sha1": "25b3c5cde93d6a982c6c7bc3c38f5ffbfa1038af",
            "content_sha256": "8063339adf4c92edbd84250c2ab5f0455b01fb4e604488ab04fd316f95b6c230",
            "content_sha512": "34232daea22f47d8b4758e539d40768d56d85ca01d48dfbaf86156342254dad9095576f66f3590fc53db70c070b6d29c782aaab3339bcea9cbd8238c8fce0c3e",
            "directory_permission": "0777",
            "file_permission": "0600",
            "filename": "./optima-jp-demo.pem",
            "id": "25b3c5cde93d6a982c6c7bc3c38f5ffbfa1038af",
            "sensitive_content": null,
            "source": null
          },
          "sensitive_attributes": [
            [
              {
                "type": "get_attr",
                "value": "content"
              }
            ],
            [
              {
                "type": "get_attr",
                "value": "sensitive_content"
              }
            ]
          ],
          "identity_schema_version": 0,
          "dependencies": [
            "module.compute.tls_private_key.optima"
          ]
        }
      ]
    },
    {
      "module": "module.compute",
      "mode": "managed",
      "type": "tls_private_key",
      "name": "optima",
      "provider": "provider[\"registry.terraform.io/hashicorp/tls\"]",
      "instances": [
        {
          "schema_version": 1,
          "attributes": {
            "algorithm": "RSA",
            "ecdsa_curve": "P224",
            "id": "427614b2dd6f31ab8b0e10f00f01543a0e8405e1",
            "private_key_openssh": "-----BEGIN OPENSSH PRIVATE KEY-----\nb3BlbnNzaC1rZXktdjEAAAAABG5vbmUAAAAEbm9uZQAAAAAAAAABAAABFwAAAAdz\nc2gtcnNhAAAAAwEAAQAAAQEA0Mhc0fKPEuIh3w2KbLO+XxkbVYs0AKDTQO+70a2E\n6M9JSA4rJwd8r7CThkRFYQDmySYUC2w0oY7aAeiGwNTA6wT2x+/l3hc0KMJSORpO\ndcAqlMNS00pRPndROf/GqIftCZd2CgpgS17snG3lkfw3qiWCcGaAHKvVam7LbAfT\nKA35OPSBI3nn4QsDMZnoy9/EJeUh8RC0cwlHNvNw5Xg1M3VqTODg2a8sTJf8zJLe\nk4TuoRhdMU5+v5KGPpAup3Vvuhm1YKUHoc7x9Tw7p84vxyr5ta1Rnd6QtOJAyema\n18sVxgj4hAV2s/y8TxMavvwyegzvrTLa/SVWmrygoapDfwAAA7iprxtlqa8bZQAA\nAAdzc2gtcnNhAAABAQDQyFzR8o8S4iHfDYpss75fGRtVizQAoNNA77vRrYToz0lI\nDisnB3yvsJOGREVhAObJJhQLbDShjtoB6IbA1MDrBPbH7+XeFzQowlI5Gk51wCqU\nw1LTSlE+d1E5/8aoh+0Jl3YKCmBLXuycbeWR/DeqJYJwZoAcq9VqbstsB9MoDfk4\n9IEjeefhCwMxmejL38Ql5SHxELRzCUc283DleDUzdWpM4ODZryxMl/zMkt6ThO6h\nGF0xTn6/koY+kC6ndW+6GbVgpQehzvH1PDunzi/HKvm1rVGd3pC04kDJ6ZrXyxXG\nCPiEBXaz/LxPExq+/DJ6DO+tMtr9JVaavKChqkN/AAAAAwEAAQAAAQAeZR0GP57O\nq/csZudBHgXYCGqvUH24nbFDoeMhCnbwAcV0ZQOpQfDIDxfbEzNahOwUWqPOaelb\nn9VjM7vydMbFMErRHr7DT3N7f5bC026au+g3EhyLwCUFyA8eN3tva6J5pAA+Q/Zy\n4pXlzCYA08wyzBUqUfHSur1uKkUZLCZ0jRivwvAfdeALTYzpJD6Vl7ckSIvg6oGM\nMYjOF+wfBlCi3MLTqF5Ne3SLZYnRJR2go1XXIWcj42E7OHAxyFMci0ld0P0TqVQ6\neEL7gQyAiSZ48pFenFz6+tRGf2Ac3WUoxNBJzsHR/uWLypY11n9v5c7y4xbyDNK3\nDD+QWFGB0nrRAAAAgDyK814usxQDR1eqe2rdvZiNBEMgqtv2VQY05VD2Cr3VzBd7\nI/9AXHnJ7kUZnipsNOnsLrYAqEhEZ3OEYDc3FZ/4X2etno4YAI2FzSjpTFzJd+12\nmpikje/Vj1v4Da1XDPKPd7m1dIcmVJoJwMbnBHTpGgq+qhEIf3cuqHu9p+efAAAA\ngQDUsdUX4uMtcbM0UNIrJhArE26EeCwoAiCYXbBCu2d/ZO+6WPeQBlAzUhuHTT3+\nFWsCYBO3xg7NSU6IOKy3/EfjwWL4Tj36jK0jILBYI78P2tF+M7wCKIHhMDFoZtbi\nZpLSUcqD+mkiyNP+UoAmajp3EnISkhOfvTqE/tZwWhJ32QAAAIEA+0qgqXMV+hMb\nYLBmFM0OtoGiiLgSH3xxvRsx5SFVU93i0/nxeTzu0N6Gg9xbwH03gVgxsGl9pOOB\neqZTz2d4n7eA6tQ/7wJ/cB8A0g9FRUUpNDYY0UKnzqJZW6P97OTB2q/czF0oiPkU\nx4b6pqt/I+UfOnMAaISbaGLwXJoFFxcAAAAAAQID\n-----END OPENSSH PRIVATE KEY-----\n",
            "private_key_pem": "-----BEGIN RSA PRIVATE KEY-----\nMIIEowIBAAKCAQEA0Mhc0fKPEuIh3w2KbLO+XxkbVYs0AKDTQO+70a2E6M9JSA4r\nJwd8r7CThkRFYQDmySYUC2w0oY7aAeiGwNTA6wT2x+/l3hc0KMJSORpOdcAqlMNS\n00pRPndROf/GqIftCZd2CgpgS17snG3lkfw3qiWCcGaAHKvVam7LbAfTKA35OPSB\nI3nn4QsDMZnoy9/EJeUh8RC0cwlHNvNw5Xg1M3VqTODg2a8sTJf8zJLek4TuoRhd\nMU5+v5KGPpAup3Vvuhm1YKUHoc7x9Tw7p84vxyr5ta1Rnd6QtOJAyema18sVxgj4\nhAV2s/y8TxMavvwyegzvrTLa/SVWmrygoapDfwIDAQABAoIBAB5lHQY/ns6r9yxm\n50EeBdgIaq9QfbidsUOh4yEKdvABxXRlA6lB8MgPF9sTM1qE7BRao85p6Vuf1WMz\nu/J0xsUwStEevsNPc3t/lsLTbpq76DcSHIvAJQXIDx43e29ronmkAD5D9nLileXM\nJgDTzDLMFSpR8dK6vW4qRRksJnSNGK/C8B914AtNjOkkPpWXtyRIi+DqgYwxiM4X\n7B8GUKLcwtOoXk17dItlidElHaCjVdchZyPjYTs4cDHIUxyLSV3Q/ROpVDp4QvuB\nDICJJnjykV6cXPr61EZ/YBzdZSjE0EnOwdH+5YvKljXWf2/lzvLjFvIM0rcMP5BY\nUYHSetECgYEA1LHVF+LjLXGzNFDSKyYQKxNuhHgsKAIgmF2wQrtnf2Tvulj3kAZQ\nM1Ibh009/hVrAmATt8YOzUlOiDist/xH48Fi+E49+oytIyCwWCO/D9rRfjO8AiiB\n4TAxaGbW4maS0lHKg/ppIsjT/lKAJmo6dxJyEpITn706hP7WcFoSd9kCgYEA+0qg\nqXMV+hMbYLBmFM0OtoGiiLgSH3xxvRsx5SFVU93i0/nxeTzu0N6Gg9xbwH03gVgx\nsGl9pOOBeqZTz2d4n7eA6tQ/7wJ/cB8A0g9FRUUpNDYY0UKnzqJZW6P97OTB2q/c\nzF0oiPkUx4b6pqt/I+UfOnMAaISbaGLwXJoFFxcCgYA/EXA3gf6NFh7mT2TSiJnY\nvA1UWHH3dxIFPBqs3vcEjoCLSCA4Y7baUOl6yEuukNlHPgf6wU7YTnlr6SpF8Be9\nEDXxnPnB1n7sYKAJsqfP4rml618/YJWKmYi9BWmIfpPgq4IaemE8gEJkMkBvo6Ys\ncprCqPAKuMimcQ5TCFJbmQKBgQDv4mPQnr5iBY9jE8G/Jalf7AyeeylByWhCYA2X\nb+SmtPBt7vHnDJXl6id7BQbJkD9GSEzW3T1GBLB7xv/GxD3QKjr08T0/CqFhBReh\nb1ZvNACLiQDT8s+CYFTxOHGUjSPJgYxDwsKJT03Y0y+/n4M1Xuoav+Gp5Lz+P0S5\nAYbObQKBgDyK814usxQDR1eqe2rdvZiNBEMgqtv2VQY05VD2Cr3VzBd7I/9AXHnJ\n7kUZnipsNOnsLrYAqEhEZ3OEYDc3FZ/4X2etno4YAI2FzSjpTFzJd+12mpikje/V\nj1v4Da1XDPKPd7m1dIcmVJoJwMbnBHTpGgq+qhEIf3cuqHu9p+ef\n-----END RSA PRIVATE KEY-----\n",
            "private_key_pem_pkcs8": "-----BEGIN PRIVATE KEY-----\nMIIEvQIBADANBgkqhkiG9w0BAQEFAASCBKcwggSjAgEAAoIBAQDQyFzR8o8S4iHf\nDYpss75fGRtVizQAoNNA77vRrYToz0lIDisnB3yvsJOGREVhAObJJhQLbDShjtoB\n6IbA1MDrBPbH7+XeFzQowlI5Gk51wCqUw1LTSlE+d1E5/8aoh+0Jl3YKCmBLXuyc\nbeWR/DeqJYJwZoAcq9VqbstsB9MoDfk49IEjeefhCwMxmejL38Ql5SHxELRzCUc2\n83DleDUzdWpM4ODZryxMl/zMkt6ThO6hGF0xTn6/koY+kC6ndW+6GbVgpQehzvH1\nPDunzi/HKvm1rVGd3pC04kDJ6ZrXyxXGCPiEBXaz/LxPExq+/DJ6DO+tMtr9JVaa\nvKChqkN/AgMBAAECggEAHmUdBj+ezqv3LGbnQR4F2Ahqr1B9uJ2xQ6HjIQp28AHF\ndGUDqUHwyA8X2xMzWoTsFFqjzmnpW5/VYzO78nTGxTBK0R6+w09ze3+WwtNumrvo\nNxIci8AlBcgPHjd7b2uieaQAPkP2cuKV5cwmANPMMswVKlHx0rq9bipFGSwmdI0Y\nr8LwH3XgC02M6SQ+lZe3JEiL4OqBjDGIzhfsHwZQotzC06heTXt0i2WJ0SUdoKNV\n1yFnI+NhOzhwMchTHItJXdD9E6lUOnhC+4EMgIkmePKRXpxc+vrURn9gHN1lKMTQ\nSc7B0f7li8qWNdZ/b+XO8uMW8gzStww/kFhRgdJ60QKBgQDUsdUX4uMtcbM0UNIr\nJhArE26EeCwoAiCYXbBCu2d/ZO+6WPeQBlAzUhuHTT3+FWsCYBO3xg7NSU6IOKy3\n/EfjwWL4Tj36jK0jILBYI78P2tF+M7wCKIHhMDFoZtbiZpLSUcqD+mkiyNP+UoAm\najp3EnISkhOfvTqE/tZwWhJ32QKBgQD7SqCpcxX6ExtgsGYUzQ62gaKIuBIffHG9\nGzHlIVVT3eLT+fF5PO7Q3oaD3FvAfTeBWDGwaX2k44F6plPPZ3ift4Dq1D/vAn9w\nHwDSD0VFRSk0NhjRQqfOollbo/3s5MHar9zMXSiI+RTHhvqmq38j5R86cwBohJto\nYvBcmgUXFwKBgD8RcDeB/o0WHuZPZNKImdi8DVRYcfd3EgU8Gqze9wSOgItIIDhj\nttpQ6XrIS66Q2Uc+B/rBTthOeWvpKkXwF70QNfGc+cHWfuxgoAmyp8/iuaXrXz9g\nlYqZiL0FaYh+k+Crghp6YTyAQmQyQG+jpixymsKo8Aq4yKZxDlMIUluZAoGBAO/i\nY9CevmIFj2MTwb8lqV/sDJ57KUHJaEJgDZdv5Ka08G3u8ecMleXqJ3sFBsmQP0ZI\nTNbdPUYEsHvG/8bEPdAqOvTxPT8KoWEFF6FvVm80AIuJANPyz4JgVPE4cZSNI8mB\njEPCwolPTdjTL7+fgzVe6hq/4ankvP4/RLkBhs5tAoGAPIrzXi6zFANHV6p7at29\nmI0EQyCq2/ZVBjTlUPYKvdXMF3sj/0BcecnuRRmeKmw06ewutgCoSERnc4RgNzcV\nn/hfZ62ejhgAjYXNKOlMXMl37XaamKSN79WPW/gNrVcM8o93ubV0hyZUmgnAxucE\ndOkaCr6qEQh/dy6oe72n558=\n-----END PRIVATE KEY-----\n",
            "public_key_fingerprint_md5": "35:74:11:d8:1f:b3:1c:12:0e:75:b5:55:34:b6:e8:7b",
            "public_key_fingerprint_sha256": "SHA256:ACCkVZwDRcoZVugu/ec4hFqdogdYAgVDqbWXnIv2/z0",
            "public_key_openssh": "ssh-rsa AAAAB3NzaC1yc2EAAAADAQABAAABAQDQyFzR8o8S4iHfDYpss75fGRtVizQAoNNA77vRrYToz0lIDisnB3yvsJOGREVhAObJJhQLbDShjtoB6IbA1MDrBPbH7+XeFzQowlI5Gk51wCqUw1LTSlE+d1E5/8aoh+0Jl3YKCmBLXuycbeWR/DeqJYJwZoAcq9VqbstsB9MoDfk49IEjeefhCwMxmejL38Ql5SHxELRzCUc283DleDUzdWpM4ODZryxMl/zMkt6ThO6hGF0xTn6/koY+kC6ndW+6GbVgpQehzvH1PDunzi/HKvm1rVGd3pC04kDJ6ZrXyxXGCPiEBXaz/LxPExq+/DJ6DO+tMtr9JVaavKChqkN/\n",
            "public_key_pem": "-----BEGIN PUBLIC KEY-----\nMIIBIjANBgkqhkiG9w0BAQEFAAOCAQ8AMIIBCgKCAQEA0Mhc0fKPEuIh3w2KbLO+\nXxkbVYs0AKDTQO+70a2E6M9JSA4rJwd8r7CThkRFYQDmySYUC2w0oY7aAeiGwNTA\n6wT2x+/l3hc0KMJSORpOdcAqlMNS00pRPndROf/GqIftCZd2CgpgS17snG3lkfw3\nqiWCcGaAHKvVam7LbAfTKA35OPSBI3nn4QsDMZnoy9/EJeUh8RC0cwlHNvNw5Xg1\nM3VqTODg2a8sTJf8zJLek4TuoRhdMU5+v5KGPpAup3Vvuhm1YKUHoc7x9Tw7p84v\nxyr5ta1Rnd6QtOJAyema18sVxgj4hAV2s/y8TxMavvwyegzvrTLa/SVWmrygoapD\nfwIDAQAB\n-----END PUBLIC KEY-----\n",
            "rsa_bits": 2048
          },
          "sensitive_attributes": [
            [
              {
                "type": "get_attr",
                "value": "private_key_openssh"
              }
            ],
            [
              {
                "type": "get_attr",
                "value": "private_key_pem"
              }
            ],
            [
              {
                "type": "get_attr",
                "value": "private_key_pem_pkcs8"
              }
            ]
          ],
          "identity_schema_version": 0
        }
      ]
    },
    {
      "module": "module.networking",
      "mode": "managed",
      "type": "aws_internet_gateway",
      "name": "main",
      "provider": "provider[\"registry.terraform.io/hashicorp/aws\"]",
      "instances": [
        {
          "schema_version": 0,
          "attributes": {
            "arn": "arn:aws:ec2:ap-northeast-1:764673263023:internet-gateway/igw-03fb6bcc31ec56d06",
            "id": "igw-03fb6bcc31ec56d06",
            "owner_id": "764673263023",
            "tags": {
              "Name": "optima-jp-demo-igw"
            },
            "tags_all": {
              "Name": "optima-jp-demo-igw"
            },
            "timeouts": null,
            "vpc_id": "vpc-09e847c4c8c880fbd"
          },
          "sensitive_attributes": [],
          "identity_schema_version": 0,
          "private": "eyJlMmJmYjczMC1lY2FhLTExZTYtOGY4OC0zNDM2M2JjN2M0YzAiOnsiY3JlYXRlIjoxMjAwMDAwMDAwMDAwLCJkZWxldGUiOjEyMDAwMDAwMDAwMDAsInVwZGF0ZSI6MTIwMDAwMDAwMDAwMH19",
          "dependencies": [
            "module.networking.aws_vpc.main"
          ]
        }
      ]
    },
    {
      "module": "module.networking",
      "mode": "managed",
      "type": "aws_route_table",
      "name": "private",
      "provider": "provider[\"registry.terraform.io/hashicorp/aws\"]",
      "instances": [
        {
          "schema_version": 0,
          "attributes": {
            "arn": "arn:aws:ec2:ap-northeast-1:764673263023:route-table/rtb-09c6305a6ffe3e140",
            "id": "rtb-09c6305a6ffe3e140",
            "owner_id": "764673263023",
            "propagating_vgws": [],
            "route": [],
            "tags": {
              "Name": "optima-jp-demo-private-rt"
            },
            "tags_all": {
              "Name": "optima-jp-demo-private-rt"
            },
            "timeouts": null,
            "vpc_id": "vpc-09e847c4c8c880fbd"
          },
          "sensitive_attributes": [],
          "identity_schema_version": 0,
          "private": "eyJlMmJmYjczMC1lY2FhLTExZTYtOGY4OC0zNDM2M2JjN2M0YzAiOnsiY3JlYXRlIjozMDAwMDAwMDAwMDAsImRlbGV0ZSI6MzAwMDAwMDAwMDAwLCJ1cGRhdGUiOjEyMDAwMDAwMDAwMH19",
          "dependencies": [
            "module.networking.aws_vpc.main"
          ]
        }
      ]
    },
    {
      "module": "module.networking",
      "mode": "managed",
      "type": "aws_route_table",
      "name": "public",
      "provider": "provider[\"registry.terraform.io/hashicorp/aws\"]",
      "instances": [
        {
          "schema_version": 0,
          "attributes": {
            "arn": "arn:aws:ec2:ap-northeast-1:764673263023:route-table/rtb-0b61cc91b7d70d270",
            "id": "rtb-0b61cc91b7d70d270",
            "owner_id": "764673263023",
            "propagating_vgws": [],
            "route": [
              {
                "carrier_gateway_id": "",
                "cidr_block": "0.0.0.0/0",
                "core_network_arn": "",
                "destination_prefix_list_id": "",
                "egress_only_gateway_id": "",
                "gateway_id": "igw-03fb6bcc31ec56d06",
                "ipv6_cidr_block": "",
                "local_gateway_id": "",
                "nat_gateway_id": "",
                "network_interface_id": "",
                "transit_gateway_id": "",
                "vpc_endpoint_id": "",
                "vpc_peering_connection_id": ""
              }
            ],
            "tags": {
              "Name": "optima-jp-demo-public-rt"
            },
            "tags_all": {
              "Name": "optima-jp-demo-public-rt"
            },
            "timeouts": null,
            "vpc_id": "vpc-09e847c4c8c880fbd"
          },
          "sensitive_attributes": [],
          "identity_schema_version": 0,
          "private": "eyJlMmJmYjczMC1lY2FhLTExZTYtOGY4OC0zNDM2M2JjN2M0YzAiOnsiY3JlYXRlIjozMDAwMDAwMDAwMDAsImRlbGV0ZSI6MzAwMDAwMDAwMDAwLCJ1cGRhdGUiOjEyMDAwMDAwMDAwMH19",
          "dependencies": [
            "module.networking.aws_internet_gateway.main",
            "module.networking.aws_vpc.main"
          ]
        }
      ]
    },
    {
      "module": "module.networking",
      "mode": "managed",
      "type": "aws_route_table_association",
      "name": "private",
      "provider": "provider[\"registry.terraform.io/hashicorp/aws\"]",
      "instances": [
        {
          "index_key": 0,
          "schema_version": 0,
          "attributes": {
            "gateway_id": "",
            "id": "rtbassoc-0ab4d9972daee30e1",
            "route_table_id": "rtb-09c6305a6ffe3e140",
            "subnet_id": "subnet-0e6c8dc67a082e9d7",
            "timeouts": null
          },
          "sensitive_attributes": [],
          "identity_schema_version": 0,
          "private": "eyJlMmJmYjczMC1lY2FhLTExZTYtOGY4OC0zNDM2M2JjN2M0YzAiOnsiY3JlYXRlIjozMDAwMDAwMDAwMDAsImRlbGV0ZSI6MzAwMDAwMDAwMDAwLCJ1cGRhdGUiOjEyMDAwMDAwMDAwMH19",
          "dependencies": [
            "module.networking.aws_route_table.private",
            "module.networking.aws_subnet.private",
            "module.networking.aws_vpc.main"
          ]
        },
        {
          "index_key": 1,
          "schema_version": 0,
          "attributes": {
            "gateway_id": "",
            "id": "rtbassoc-03c38cf433ddc89b6",
            "route_table_id": "rtb-09c6305a6ffe3e140",
            "subnet_id": "subnet-0ae45e6a92aafc849",
            "timeouts": null
          },
          "sensitive_attributes": [],
          "identity_schema_version": 0,
          "private": "eyJlMmJmYjczMC1lY2FhLTExZTYtOGY4OC0zNDM2M2JjN2M0YzAiOnsiY3JlYXRlIjozMDAwMDAwMDAwMDAsImRlbGV0ZSI6MzAwMDAwMDAwMDAwLCJ1cGRhdGUiOjEyMDAwMDAwMDAwMH19",
          "dependencies": [
            "module.networking.aws_route_table.private",
            "module.networking.aws_subnet.private",
            "module.networking.aws_vpc.main"
          ]
        }
      ]
    },
    {
      "module": "module.networking",
      "mode": "managed",
      "type": "aws_route_table_association",
      "name": "public",
      "provider": "provider[\"registry.terraform.io/hashicorp/aws\"]",
      "instances": [
        {
          "index_key": 0,
          "schema_version": 0,
          "attributes": {
            "gateway_id": "",
            "id": "rtbassoc-0547e94d301683b29",
            "route_table_id": "rtb-0b61cc91b7d70d270",
            "subnet_id": "subnet-0cab8d4a1ac652ed7",
            "timeouts": null
          },
          "sensitive_attributes": [],
          "identity_schema_version": 0,
          "private": "eyJlMmJmYjczMC1lY2FhLTExZTYtOGY4OC0zNDM2M2JjN2M0YzAiOnsiY3JlYXRlIjozMDAwMDAwMDAwMDAsImRlbGV0ZSI6MzAwMDAwMDAwMDAwLCJ1cGRhdGUiOjEyMDAwMDAwMDAwMH19",
          "dependencies": [
            "module.networking.aws_internet_gateway.main",
            "module.networking.aws_route_table.public",
            "module.networking.aws_subnet.public",
            "module.networking.aws_vpc.main"
          ]
        },
        {
          "index_key": 1,
          "schema_version": 0,
          "attributes": {
            "gateway_id": "",
            "id": "rtbassoc-0c430f5cc24d149b9",
            "route_table_id": "rtb-0b61cc91b7d70d270",
            "subnet_id": "subnet-0f38d1fa7959b6781",
            "timeouts": null
          },
          "sensitive_attributes": [],
          "identity_schema_version": 0,
          "private": "eyJlMmJmYjczMC1lY2FhLTExZTYtOGY4OC0zNDM2M2JjN2M0YzAiOnsiY3JlYXRlIjozMDAwMDAwMDAwMDAsImRlbGV0ZSI6MzAwMDAwMDAwMDAwLCJ1cGRhdGUiOjEyMDAwMDAwMDAwMH19",
          "dependencies": [
            "module.networking.aws_internet_gateway.main",
            "module.networking.aws_route_table.public",
            "module.networking.aws_subnet.public",
            "module.networking.aws_vpc.main"
          ]
        }
      ]
    },
    {
      "module": "module.networking",
      "mode": "managed",
      "type": "aws_security_group",
      "name": "open",
      "provider": "provider[\"registry.terraform.io/hashicorp/aws\"]",
      "instances": [
        {
          "schema_version": 1,
          "attributes": {
            "arn": "arn:aws:ec2:ap-northeast-1:764673263023:security-group/sg-041f4488ebc7b625d",
            "description": "Managed by Terraform",
            "egress": [
              {
                "cidr_blocks": [
                  "0.0.0.0/0"
                ],
                "description": "",
                "from_port": 0,
                "ipv6_cidr_blocks": [],
                "prefix_list_ids": [],
                "protocol": "-1",
                "security_groups": [],
                "self": false,
                "to_port": 0
              }
            ],
            "id": "sg-041f4488ebc7b625d",
            "ingress": [
              {
                "cidr_blocks": [
                  "0.0.0.0/0"
                ],
                "description": "",
                "from_port": 0,
                "ipv6_cidr_blocks": [],
                "prefix_list_ids": [],
                "protocol": "tcp",
                "security_groups": [],
                "self": false,
                "to_port": 65535
              }
            ],
            "name": "optima-jp-demo-open-20250915022048805200000003",
            "name_prefix": "optima-jp-demo-open-",
            "owner_id": "764673263023",
            "revoke_rules_on_delete": false,
            "tags": {
              "Name": "optima-jp-demo-open-sg"
            },
            "tags_all": {
              "Name": "optima-jp-demo-open-sg"
            },
            "timeouts": null,
            "vpc_id": "vpc-09e847c4c8c880fbd"
          },
          "sensitive_attributes": [],
          "identity_schema_version": 0,
          "private": "eyJlMmJmYjczMC1lY2FhLTExZTYtOGY4OC0zNDM2M2JjN2M0YzAiOnsiY3JlYXRlIjo2MDAwMDAwMDAwMDAsImRlbGV0ZSI6OTAwMDAwMDAwMDAwfSwic2NoZW1hX3ZlcnNpb24iOiIxIn0=",
          "dependencies": [
            "module.networking.aws_vpc.main"
          ]
        }
      ]
    },
    {
      "module": "module.networking",
      "mode": "managed",
      "type": "aws_subnet",
      "name": "private",
      "provider": "provider[\"registry.terraform.io/hashicorp/aws\"]",
      "instances": [
        {
          "index_key": 0,
          "schema_version": 1,
          "attributes": {
            "arn": "arn:aws:ec2:ap-northeast-1:764673263023:subnet/subnet-0e6c8dc67a082e9d7",
            "assign_ipv6_address_on_creation": false,
            "availability_zone": "ap-northeast-1a",
            "availability_zone_id": "apne1-az4",
            "cidr_block": "10.0.10.0/24",
            "customer_owned_ipv4_pool": "",
            "enable_dns64": false,
            "enable_lni_at_device_index": 0,
            "enable_resource_name_dns_a_record_on_launch": false,
            "enable_resource_name_dns_aaaa_record_on_launch": false,
            "id": "subnet-0e6c8dc67a082e9d7",
            "ipv6_cidr_block": "",
            "ipv6_cidr_block_association_id": "",
            "ipv6_native": false,
            "map_customer_owned_ip_on_launch": false,
            "map_public_ip_on_launch": false,
            "outpost_arn": "",
            "owner_id": "764673263023",
            "private_dns_hostname_type_on_launch": "ip-name",
            "tags": {
              "Name": "optima-jp-demo-private-1",
              "Type": "private"
            },
            "tags_all": {
              "Name": "optima-jp-demo-private-1",
              "Type": "private"
            },
            "timeouts": null,
            "vpc_id": "vpc-09e847c4c8c880fbd"
          },
          "sensitive_attributes": [],
          "identity_schema_version": 0,
          "private": "eyJlMmJmYjczMC1lY2FhLTExZTYtOGY4OC0zNDM2M2JjN2M0YzAiOnsiY3JlYXRlIjo2MDAwMDAwMDAwMDAsImRlbGV0ZSI6MTIwMDAwMDAwMDAwMH0sInNjaGVtYV92ZXJzaW9uIjoiMSJ9",
          "dependencies": [
            "module.networking.aws_vpc.main"
          ]
        },
        {
          "index_key": 1,
          "schema_version": 1,
          "attributes": {
            "arn": "arn:aws:ec2:ap-northeast-1:764673263023:subnet/subnet-0ae45e6a92aafc849",
            "assign_ipv6_address_on_creation": false,
            "availability_zone": "ap-northeast-1c",
            "availability_zone_id": "apne1-az1",
            "cidr_block": "10.0.11.0/24",
            "customer_owned_ipv4_pool": "",
            "enable_dns64": false,
            "enable_lni_at_device_index": 0,
            "enable_resource_name_dns_a_record_on_launch": false,
            "enable_resource_name_dns_aaaa_record_on_launch": false,
            "id": "subnet-0ae45e6a92aafc849",
            "ipv6_cidr_block": "",
            "ipv6_cidr_block_association_id": "",
            "ipv6_native": false,
            "map_customer_owned_ip_on_launch": false,
            "map_public_ip_on_launch": false,
            "outpost_arn": "",
            "owner_id": "764673263023",
            "private_dns_hostname_type_on_launch": "ip-name",
            "tags": {
              "Name": "optima-jp-demo-private-2",
              "Type": "private"
            },
            "tags_all": {
              "Name": "optima-jp-demo-private-2",
              "Type": "private"
            },
            "timeouts": null,
            "vpc_id": "vpc-09e847c4c8c880fbd"
          },
          "sensitive_attributes": [],
          "identity_schema_version": 0,
          "private": "eyJlMmJmYjczMC1lY2FhLTExZTYtOGY4OC0zNDM2M2JjN2M0YzAiOnsiY3JlYXRlIjo2MDAwMDAwMDAwMDAsImRlbGV0ZSI6MTIwMDAwMDAwMDAwMH0sInNjaGVtYV92ZXJzaW9uIjoiMSJ9",
          "dependencies": [
            "module.networking.aws_vpc.main"
          ]
        }
      ]
    },
    {
      "module": "module.networking",
      "mode": "managed",
      "type": "aws_subnet",
      "name": "public",
      "provider": "provider[\"registry.terraform.io/hashicorp/aws\"]",
      "instances": [
        {
          "index_key": 0,
          "schema_version": 1,
          "attributes": {
            "arn": "arn:aws:ec2:ap-northeast-1:764673263023:subnet/subnet-0cab8d4a1ac652ed7",
            "assign_ipv6_address_on_creation": false,
            "availability_zone": "ap-northeast-1a",
            "availability_zone_id": "apne1-az4",
            "cidr_block": "10.0.1.0/24",
            "customer_owned_ipv4_pool": "",
            "enable_dns64": false,
            "enable_lni_at_device_index": 0,
            "enable_resource_name_dns_a_record_on_launch": false,
            "enable_resource_name_dns_aaaa_record_on_launch": false,
            "id": "subnet-0cab8d4a1ac652ed7",
            "ipv6_cidr_block": "",
            "ipv6_cidr_block_association_id": "",
            "ipv6_native": false,
            "map_customer_owned_ip_on_launch": false,
            "map_public_ip_on_launch": true,
            "outpost_arn": "",
            "owner_id": "764673263023",
            "private_dns_hostname_type_on_launch": "ip-name",
            "tags": {
              "Name": "optima-jp-demo-public-1",
              "Type": "public"
            },
            "tags_all": {
              "Name": "optima-jp-demo-public-1",
              "Type": "public"
            },
            "timeouts": null,
            "vpc_id": "vpc-09e847c4c8c880fbd"
          },
          "sensitive_attributes": [],
          "identity_schema_version": 0,
          "private": "eyJlMmJmYjczMC1lY2FhLTExZTYtOGY4OC0zNDM2M2JjN2M0YzAiOnsiY3JlYXRlIjo2MDAwMDAwMDAwMDAsImRlbGV0ZSI6MTIwMDAwMDAwMDAwMH0sInNjaGVtYV92ZXJzaW9uIjoiMSJ9",
          "dependencies": [
            "module.networking.aws_vpc.main"
          ]
        },
        {
          "index_key": 1,
          "schema_version": 1,
          "attributes": {
            "arn": "arn:aws:ec2:ap-northeast-1:764673263023:subnet/subnet-0f38d1fa7959b6781",
            "assign_ipv6_address_on_creation": false,
            "availability_zone": "ap-northeast-1c",
            "availability_zone_id": "apne1-az1",
            "cidr_block": "10.0.2.0/24",
            "customer_owned_ipv4_pool": "",
            "enable_dns64": false,
            "enable_lni_at_device_index": 0,
            "enable_resource_name_dns_a_record_on_launch": false,
            "enable_resource_name_dns_aaaa_record_on_launch": false,
            "id": "subnet-0f38d1fa7959b6781",
            "ipv6_cidr_block": "",
            "ipv6_cidr_block_association_id": "",
            "ipv6_native": false,
            "map_customer_owned_ip_on_launch": false,
            "map_public_ip_on_launch": true,
            "outpost_arn": "",
            "owner_id": "764673263023",
            "private_dns_hostname_type_on_launch": "ip-name",
            "tags": {
              "Name": "optima-jp-demo-public-2",
              "Type": "public"
            },
            "tags_all": {
              "Name": "optima-jp-demo-public-2",
              "Type": "public"
            },
            "timeouts": null,
            "vpc_id": "vpc-09e847c4c8c880fbd"
          },
          "sensitive_attributes": [],
          "identity_schema_version": 0,
          "private": "eyJlMmJmYjczMC1lY2FhLTExZTYtOGY4OC0zNDM2M2JjN2M0YzAiOnsiY3JlYXRlIjo2MDAwMDAwMDAwMDAsImRlbGV0ZSI6MTIwMDAwMDAwMDAwMH0sInNjaGVtYV92ZXJzaW9uIjoiMSJ9",
          "dependencies": [
            "module.networking.aws_vpc.main"
          ]
        }
      ]
    },
    {
      "module": "module.networking",
      "mode": "managed",
      "type": "aws_vpc",
      "name": "main",
      "provider": "provider[\"registry.terraform.io/hashicorp/aws\"]",
      "instances": [
        {
          "schema_version": 1,
          "attributes": {
            "arn": "arn:aws:ec2:ap-northeast-1:764673263023:vpc/vpc-09e847c4c8c880fbd",
            "assign_generated_ipv6_cidr_block": false,
            "cidr_block": "10.0.0.0/16",
            "default_network_acl_id": "acl-0832fd7c4f21af963",
            "default_route_table_id": "rtb-06654aec47504de18",
            "default_security_group_id": "sg-04544c2a9a15c4d91",
            "dhcp_options_id": "dopt-60f81606",
            "enable_dns_hostnames": true,
            "enable_dns_support": true,
            "enable_network_address_usage_metrics": false,
            "id": "vpc-09e847c4c8c880fbd",
            "instance_tenancy": "default",
            "ipv4_ipam_pool_id": null,
            "ipv4_netmask_length": null,
            "ipv6_association_id": "",
            "ipv6_cidr_block": "",
            "ipv6_cidr_block_network_border_group": "",
            "ipv6_ipam_pool_id": "",
            "ipv6_netmask_length": 0,
            "main_route_table_id": "rtb-06654aec47504de18",
            "owner_id": "764673263023",
            "tags": {
              "Country": "jp",
              "Environment": "demo",
              "Name": "optima-jp-demo",
              "Project": "optima"
            },
            "tags_all": {
              "Country": "jp",
              "Environment": "demo",
              "Name": "optima-jp-demo",
              "Project": "optima"
            }
          },
          "sensitive_attributes": [],
          "identity_schema_version": 0,
          "private": "eyJzY2hlbWFfdmVyc2lvbiI6IjEifQ=="
        }
      ]
    }
  ],
  "check_results": null
}
