{
  "version": 4,
  "terraform_version": "1.13.2",
  "serial": 367,
  "lineage": "8db5898f-f3b4-b445-a4ac-5409de548e8b",
  "outputs": {
    "api_domain": {
      "value": "api-optima-jp.xva-rnd.com",
      "type": "string"
    },
    "api_server_id": {
      "value": "i-0ffc014344d1cccf5",
      "type": "string"
    },
    "api_server_public_ip": {
      "value": "13.114.103.96",
      "type": "string"
    },
    "public_subnet_ids": {
      "value": [
        "subnet-09f1580592293aac2",
        "subnet-01508408eff7f17df"
      ],
      "type": [
        "tuple",
        [
          "string",
          "string"
        ]
      ]
    },
    "rds_endpoint": {
      "value": "optima-jp-demo.cf8sm6y8kqw0.ap-northeast-1.rds.amazonaws.com:1433",
      "type": "string",
      "sensitive": true
    },
    "ssh_key_file": {
      "value": "optima-jp-demo.pem",
      "type": "string"
    },
    "ui_domain": {
      "value": "optima-jp.xva-rnd.com",
      "type": "string"
    },
    "ui_server_public_ip": {
      "value": "52.198.19.4",
      "type": "string"
    },
    "vpc_id": {
      "value": "vpc-04ea85205654fd520",
      "type": "string"
    }
  },
  "resources": [
    {
      "mode": "data",
      "type": "http",
      "name": "my_ip",
      "provider": "provider[\"registry.terraform.io/hashicorp/http\"]",
      "instances": [
        {
          "schema_version": 0,
          "attributes": {
            "body": "103.158.154.7\n",
            "ca_cert_pem": null,
            "client_cert_pem": null,
            "client_key_pem": null,
            "id": "http://ipv4.icanhazip.com",
            "insecure": null,
            "method": null,
            "request_body": null,
            "request_headers": null,
            "request_timeout_ms": null,
            "response_body": "103.158.154.7\n",
            "response_body_base64": "MTAzLjE1OC4xNTQuNwo=",
            "response_headers": {
              "Access-Control-Allow-Methods": "GET",
              "Access-Control-Allow-Origin": "*",
              "Alt-Svc": "h3=\":443\"; ma=86400",
              "Cf-Ray": "9963f6a63a684b1b-CGK",
              "Connection": "keep-alive",
              "Content-Length": "14",
              "Content-Type": "text/plain",
              "Date": "Wed, 29 Oct 2025 16:14:00 GMT",
              "Server": "cloudflare",
              "Set-Cookie": "__cf_bm=7pwzFGL_uY33432NbYj1XbUpizG_XDfdyA.Qgqu3zmE-1761754440-1.0.1.1-RXOI6LAqcGl5Nn7foeXDrHH4BaCkLLaQGe.d0WhW0_rRzO2XqqutPbKW4c4QnnpojYh7DSRwFkl7wD5I0sf8AOdyHTg7.CWc0VjU24NS6i4; path=/; expires=Wed, 29-Oct-25 16:44:00 GMT; domain=.icanhazip.com; HttpOnly",
              "Vary": "Accept-Encoding"
            },
            "retry": null,
            "status_code": 200,
            "url": "http://ipv4.icanhazip.com"
          },
          "sensitive_attributes": [],
          "identity_schema_version": 0
        }
      ]
    },
    {
      "module": "module.compute",
      "mode": "data",
      "type": "aws_ami",
      "name": "ubuntu",
      "provider": "provider[\"registry.terraform.io/hashicorp/aws\"]",
      "instances": [
        {
          "schema_version": 0,
          "attributes": {
            "architecture": "x86_64",
            "arn": "arn:aws:ec2:ap-northeast-1::image/ami-0244ef75e95122fd9",
            "block_device_mappings": [
              {
                "device_name": "/dev/sda1",
                "ebs": {
                  "delete_on_termination": "true",
                  "encrypted": "false",
                  "iops": "0",
                  "snapshot_id": "snap-086476d87c73f96c5",
                  "throughput": "0",
                  "volume_initialization_rate": "0",
                  "volume_size": "8",
                  "volume_type": "gp2"
                },
                "no_device": "",
                "virtual_name": ""
              },
              {
                "device_name": "/dev/sdb",
                "ebs": {},
                "no_device": "",
                "virtual_name": "ephemeral0"
              },
              {
                "device_name": "/dev/sdc",
                "ebs": {},
                "no_device": "",
                "virtual_name": "ephemeral1"
              }
            ],
            "boot_mode": "uefi-preferred",
            "creation_date": "2025-10-15T08:05:37.000Z",
            "deprecation_time": "2027-10-15T08:05:37.000Z",
            "description": "Canonical, Ubuntu, 22.04, amd64 jammy image",
            "ena_support": true,
            "executable_users": null,
            "filter": [
              {
                "name": "name",
                "values": [
                  "ubuntu/images/hvm-ssd/ubuntu-jammy-22.04-amd64-server-*"
                ]
              },
              {
                "name": "state",
                "values": [
                  "available"
                ]
              },
              {
                "name": "virtualization-type",
                "values": [
                  "hvm"
                ]
              }
            ],
            "hypervisor": "xen",
            "id": "ami-0244ef75e95122fd9",
            "image_id": "ami-0244ef75e95122fd9",
            "image_location": "amazon/ubuntu/images/hvm-ssd/ubuntu-jammy-22.04-amd64-server-20251015",
            "image_owner_alias": "amazon",
            "image_type": "machine",
            "imds_support": "",
            "include_deprecated": false,
            "kernel_id": "",
            "last_launched_time": "",
            "most_recent": true,
            "name": "ubuntu/images/hvm-ssd/ubuntu-jammy-22.04-amd64-server-20251015",
            "name_regex": null,
            "owner_id": "099720109477",
            "owners": [
              "099720109477"
            ],
            "platform": "",
            "platform_details": "Linux/UNIX",
            "product_codes": [],
            "public": true,
            "ramdisk_id": "",
            "root_device_name": "/dev/sda1",
            "root_device_type": "ebs",
            "root_snapshot_id": "snap-086476d87c73f96c5",
            "sriov_net_support": "simple",
            "state": "available",
            "state_reason": {
              "code": "UNSET",
              "message": "UNSET"
            },
            "tags": {},
            "timeouts": null,
            "tpm_support": "",
            "uefi_data": null,
            "usage_operation": "RunInstances",
            "virtualization_type": "hvm"
          },
          "sensitive_attributes": [],
          "identity_schema_version": 0
        }
      ]
    },
    {
      "module": "module.compute",
      "mode": "data",
      "type": "aws_ami",
      "name": "windows_server",
      "provider": "provider[\"registry.terraform.io/hashicorp/aws\"]",
      "instances": [
        {
          "schema_version": 0,
          "attributes": {
            "architecture": "x86_64",
            "arn": "arn:aws:ec2:ap-northeast-1::image/ami-021ea058442ce4a15",
            "block_device_mappings": [
              {
                "device_name": "/dev/sda1",
                "ebs": {
                  "delete_on_termination": "true",
                  "encrypted": "false",
                  "iops": "0",
                  "snapshot_id": "snap-0cedb82dcaf73c6f7",
                  "throughput": "0",
                  "volume_initialization_rate": "0",
                  "volume_size": "30",
                  "volume_type": "gp2"
                },
                "no_device": "",
                "virtual_name": ""
              },
              {
                "device_name": "xvdca",
                "ebs": {},
                "no_device": "",
                "virtual_name": "ephemeral0"
              },
              {
                "device_name": "xvdcb",
                "ebs": {},
                "no_device": "",
                "virtual_name": "ephemeral1"
              },
              {
                "device_name": "xvdcc",
                "ebs": {},
                "no_device": "",
                "virtual_name": "ephemeral2"
              },
              {
                "device_name": "xvdcd",
                "ebs": {},
                "no_device": "",
                "virtual_name": "ephemeral3"
              },
              {
                "device_name": "xvdce",
                "ebs": {},
                "no_device": "",
                "virtual_name": "ephemeral4"
              },
              {
                "device_name": "xvdcf",
                "ebs": {},
                "no_device": "",
                "virtual_name": "ephemeral5"
              },
              {
                "device_name": "xvdcg",
                "ebs": {},
                "no_device": "",
                "virtual_name": "ephemeral6"
              },
              {
                "device_name": "xvdch",
                "ebs": {},
                "no_device": "",
                "virtual_name": "ephemeral7"
              },
              {
                "device_name": "xvdci",
                "ebs": {},
                "no_device": "",
                "virtual_name": "ephemeral8"
              },
              {
                "device_name": "xvdcj",
                "ebs": {},
                "no_device": "",
                "virtual_name": "ephemeral9"
              },
              {
                "device_name": "xvdck",
                "ebs": {},
                "no_device": "",
                "virtual_name": "ephemeral10"
              },
              {
                "device_name": "xvdcl",
                "ebs": {},
                "no_device": "",
                "virtual_name": "ephemeral11"
              },
              {
                "device_name": "xvdcm",
                "ebs": {},
                "no_device": "",
                "virtual_name": "ephemeral12"
              },
              {
                "device_name": "xvdcn",
                "ebs": {},
                "no_device": "",
                "virtual_name": "ephemeral13"
              },
              {
                "device_name": "xvdco",
                "ebs": {},
                "no_device": "",
                "virtual_name": "ephemeral14"
              },
              {
                "device_name": "xvdcp",
                "ebs": {},
                "no_device": "",
                "virtual_name": "ephemeral15"
              },
              {
                "device_name": "xvdcq",
                "ebs": {},
                "no_device": "",
                "virtual_name": "ephemeral16"
              },
              {
                "device_name": "xvdcr",
                "ebs": {},
                "no_device": "",
                "virtual_name": "ephemeral17"
              },
              {
                "device_name": "xvdcs",
                "ebs": {},
                "no_device": "",
                "virtual_name": "ephemeral18"
              },
              {
                "device_name": "xvdct",
                "ebs": {},
                "no_device": "",
                "virtual_name": "ephemeral19"
              },
              {
                "device_name": "xvdcu",
                "ebs": {},
                "no_device": "",
                "virtual_name": "ephemeral20"
              },
              {
                "device_name": "xvdcv",
                "ebs": {},
                "no_device": "",
                "virtual_name": "ephemeral21"
              },
              {
                "device_name": "xvdcw",
                "ebs": {},
                "no_device": "",
                "virtual_name": "ephemeral22"
              },
              {
                "device_name": "xvdcx",
                "ebs": {},
                "no_device": "",
                "virtual_name": "ephemeral23"
              },
              {
                "device_name": "xvdcy",
                "ebs": {},
                "no_device": "",
                "virtual_name": "ephemeral24"
              },
              {
                "device_name": "xvdcz",
                "ebs": {},
                "no_device": "",
                "virtual_name": "ephemeral25"
              }
            ],
            "boot_mode": "",
            "creation_date": "2025-10-17T06:35:40.000Z",
            "deprecation_time": "2027-10-17T06:35:40.000Z",
            "description": "Microsoft Windows Server 2022 Full Locale English AMI provided by Amazon",
            "ena_support": true,
            "executable_users": null,
            "filter": [
              {
                "name": "name",
                "values": [
                  "Windows_Server-2022-English-Full-Base-*"
                ]
              },
              {
                "name": "virtualization-type",
                "values": [
                  "hvm"
                ]
              }
            ],
            "hypervisor": "xen",
            "id": "ami-021ea058442ce4a15",
            "image_id": "ami-021ea058442ce4a15",
            "image_location": "amazon/Windows_Server-2022-English-Full-Base-2025.10.15",
            "image_owner_alias": "amazon",
            "image_type": "machine",
            "imds_support": "",
            "include_deprecated": false,
            "kernel_id": "",
            "last_launched_time": "",
            "most_recent": true,
            "name": "Windows_Server-2022-English-Full-Base-2025.10.15",
            "name_regex": null,
            "owner_id": "801119661308",
            "owners": [
              "amazon"
            ],
            "platform": "windows",
            "platform_details": "Windows",
            "product_codes": [],
            "public": true,
            "ramdisk_id": "",
            "root_device_name": "/dev/sda1",
            "root_device_type": "ebs",
            "root_snapshot_id": "snap-0cedb82dcaf73c6f7",
            "sriov_net_support": "simple",
            "state": "available",
            "state_reason": {
              "code": "UNSET",
              "message": "UNSET"
            },
            "tags": {},
            "timeouts": null,
            "tpm_support": "",
            "uefi_data": null,
            "usage_operation": "RunInstances:0002",
            "virtualization_type": "hvm"
          },
          "sensitive_attributes": [],
          "identity_schema_version": 0
        }
      ]
    },
    {
      "module": "module.compute",
      "mode": "managed",
      "type": "aws_db_instance",
      "name": "optima",
      "provider": "provider[\"registry.terraform.io/hashicorp/aws\"]",
      "instances": [
        {
          "schema_version": 2,
          "attributes": {
            "address": "optima-jp-demo.cf8sm6y8kqw0.ap-northeast-1.rds.amazonaws.com",
            "allocated_storage": 20,
            "allow_major_version_upgrade": null,
            "apply_immediately": false,
            "arn": "arn:aws:rds:ap-northeast-1:764673263023:db:optima-jp-demo",
            "auto_minor_version_upgrade": true,
            "availability_zone": "ap-northeast-1c",
            "backup_retention_period": 7,
            "backup_target": "region",
            "backup_window": "03:00-04:00",
            "blue_green_update": [],
            "ca_cert_identifier": "rds-ca-rsa2048-g1",
            "character_set_name": "SQL_Latin1_General_CP1_CI_AS",
            "copy_tags_to_snapshot": false,
            "custom_iam_instance_profile": "",
            "customer_owned_ip_enabled": false,
            "database_insights_mode": "standard",
            "db_name": "",
            "db_subnet_group_name": "optima-jp-demo",
            "dedicated_log_volume": false,
            "delete_automated_backups": true,
            "deletion_protection": false,
            "domain": "",
            "domain_auth_secret_arn": "",
            "domain_dns_ips": null,
            "domain_fqdn": "",
            "domain_iam_role_name": "",
            "domain_ou": "",
            "enabled_cloudwatch_logs_exports": null,
            "endpoint": "optima-jp-demo.cf8sm6y8kqw0.ap-northeast-1.rds.amazonaws.com:1433",
            "engine": "sqlserver-ex",
            "engine_lifecycle_support": "",
            "engine_version": "15.00.4316.3.v1",
            "engine_version_actual": "15.00.4316.3.v1",
            "final_snapshot_identifier": null,
            "hosted_zone_id": "Z24O6O9L7SGTNB",
            "iam_database_authentication_enabled": false,
            "id": "db-KXWLCFBMCQD7ZW4BPRUXEZYIMI",
            "identifier": "optima-jp-demo",
            "identifier_prefix": "",
            "instance_class": "db.t3.micro",
            "iops": 0,
            "kms_key_id": "arn:aws:kms:ap-northeast-1:764673263023:key/9d1c26b4-ed49-4696-a6f5-4175be4860c5",
            "latest_restorable_time": "2025-10-29T16:29:10Z",
            "license_model": "license-included",
            "listener_endpoint": [],
            "maintenance_window": "sun:04:00-sun:05:00",
            "manage_master_user_password": null,
            "master_user_secret": [],
            "master_user_secret_kms_key_id": null,
            "max_allocated_storage": 40,
            "monitoring_interval": 0,
            "monitoring_role_arn": "",
            "multi_az": false,
            "nchar_character_set_name": "",
            "network_type": "IPV4",
            "option_group_name": "default:sqlserver-ex-15-00",
            "parameter_group_name": "default.sqlserver-ex-15.0",
            "password": "A#nd007.",
            "password_wo": null,
            "password_wo_version": null,
            "performance_insights_enabled": false,
            "performance_insights_kms_key_id": "",
            "performance_insights_retention_period": 0,
            "port": 1433,
            "publicly_accessible": false,
            "replica_mode": "",
            "replicas": [],
            "replicate_source_db": "",
            "resource_id": "db-KXWLCFBMCQD7ZW4BPRUXEZYIMI",
            "restore_to_point_in_time": [],
            "s3_import": [],
            "skip_final_snapshot": true,
            "snapshot_identifier": null,
            "status": "available",
            "storage_encrypted": true,
            "storage_throughput": 0,
            "storage_type": "gp2",
            "tags": {
              "Country": "jp",
              "Environment": "demo",
              "Name": "optima-jp-demo-rds"
            },
            "tags_all": {
              "Country": "jp",
              "Environment": "demo",
              "Name": "optima-jp-demo-rds"
            },
            "timeouts": null,
            "timezone": "",
            "upgrade_storage_config": null,
            "username": "optima_admin",
            "vpc_security_group_ids": [
              "sg-0324bca4e81f38b73"
            ]
          },
          "sensitive_attributes": [
            [
              {
                "type": "get_attr",
                "value": "password"
              }
            ],
            [
              {
                "type": "get_attr",
                "value": "password_wo"
              }
            ]
          ],
          "identity_schema_version": 0,
          "private": "eyJlMmJmYjczMC1lY2FhLTExZTYtOGY4OC0zNDM2M2JjN2M0YzAiOnsiY3JlYXRlIjozMDAwMDAwMDAwMDAwLCJkZWxldGUiOjM2MDAwMDAwMDAwMDAsInVwZGF0ZSI6NDgwMDAwMDAwMDAwMH0sInNjaGVtYV92ZXJzaW9uIjoiMiJ9",
          "dependencies": [
            "data.http.my_ip",
            "module.compute.aws_db_subnet_group.optima",
            "module.compute.aws_security_group.api_server",
            "module.compute.aws_security_group.rds",
            "module.compute.aws_security_group.ui_server",
            "module.networking.aws_subnet.private",
            "module.networking.aws_vpc.main"
          ]
        }
      ]
    },
    {
      "module": "module.compute",
      "mode": "managed",
      "type": "aws_db_subnet_group",
      "name": "optima",
      "provider": "provider[\"registry.terraform.io/hashicorp/aws\"]",
      "instances": [
        {
          "schema_version": 0,
          "attributes": {
            "arn": "arn:aws:rds:ap-northeast-1:764673263023:subgrp:optima-jp-demo",
            "description": "Managed by Terraform",
            "id": "optima-jp-demo",
            "name": "optima-jp-demo",
            "name_prefix": "",
            "subnet_ids": [
              "subnet-0405b3a7971896a75",
              "subnet-099875797633939b1"
            ],
            "supported_network_types": [
              "IPV4"
            ],
            "tags": {
              "Country": "jp",
              "Environment": "demo",
              "Name": "optima-jp-demo-db-subnet-group"
            },
            "tags_all": {
              "Country": "jp",
              "Environment": "demo",
              "Name": "optima-jp-demo-db-subnet-group"
            },
            "vpc_id": "vpc-04ea85205654fd520"
          },
          "sensitive_attributes": [],
          "identity_schema_version": 0,
          "private": "bnVsbA==",
          "dependencies": [
            "module.networking.aws_subnet.private",
            "module.networking.aws_vpc.main"
          ]
        }
      ]
    },
    {
      "module": "module.compute",
      "mode": "managed",
      "type": "aws_instance",
      "name": "api_server",
      "provider": "provider[\"registry.terraform.io/hashicorp/aws\"]",
      "instances": [
        {
          "schema_version": 1,
          "attributes": {
            "ami": "ami-021ea058442ce4a15",
            "arn": "arn:aws:ec2:ap-northeast-1:764673263023:instance/i-0ffc014344d1cccf5",
            "associate_public_ip_address": true,
            "availability_zone": "ap-northeast-1a",
            "capacity_reservation_specification": [
              {
                "capacity_reservation_preference": "open",
                "capacity_reservation_target": []
              }
            ],
            "cpu_core_count": 1,
            "cpu_options": [
              {
                "amd_sev_snp": "",
                "core_count": 1,
                "threads_per_core": 2
              }
            ],
            "cpu_threads_per_core": 2,
            "credit_specification": [
              {
                "cpu_credits": "unlimited"
              }
            ],
            "disable_api_stop": false,
            "disable_api_termination": false,
            "ebs_block_device": [],
            "ebs_optimized": false,
            "enable_primary_ipv6": null,
            "enclave_options": [
              {
                "enabled": false
              }
            ],
            "ephemeral_block_device": [],
            "get_password_data": false,
            "hibernation": false,
            "host_id": "",
            "host_resource_group_arn": null,
            "iam_instance_profile": "",
            "id": "i-0ffc014344d1cccf5",
            "instance_initiated_shutdown_behavior": "stop",
            "instance_lifecycle": "",
            "instance_market_options": [],
            "instance_state": "running",
            "instance_type": "t3.medium",
            "ipv6_address_count": 0,
            "ipv6_addresses": [],
            "key_name": "optima-jp-demo",
            "launch_template": [],
            "maintenance_options": [
              {
                "auto_recovery": "default"
              }
            ],
            "metadata_options": [
              {
                "http_endpoint": "enabled",
                "http_protocol_ipv6": "disabled",
                "http_put_response_hop_limit": 1,
                "http_tokens": "optional",
                "instance_metadata_tags": "disabled"
              }
            ],
            "monitoring": false,
            "network_interface": [],
            "outpost_arn": "",
            "password_data": "",
            "placement_group": "",
            "placement_partition_number": 0,
            "primary_network_interface_id": "eni-037e2e9389ecb31fb",
            "private_dns": "ip-10-0-1-163.ap-northeast-1.compute.internal",
            "private_dns_name_options": [
              {
                "enable_resource_name_dns_a_record": false,
                "enable_resource_name_dns_aaaa_record": false,
                "hostname_type": "ip-name"
              }
            ],
            "private_ip": "10.0.1.163",
            "public_dns": "ec2-13-114-103-96.ap-northeast-1.compute.amazonaws.com",
            "public_ip": "13.114.103.96",
            "root_block_device": [
              {
                "delete_on_termination": true,
                "device_name": "/dev/sda1",
                "encrypted": true,
                "iops": 3000,
                "kms_key_id": "arn:aws:kms:ap-northeast-1:764673263023:key/cfc0710f-e23b-4999-9fec-32b9f3f7ff1d",
                "tags": null,
                "tags_all": {},
                "throughput": 125,
                "volume_id": "vol-014a98cda232b4f6e",
                "volume_size": 50,
                "volume_type": "gp3"
              }
            ],
            "secondary_private_ips": [],
            "security_groups": [],
            "source_dest_check": true,
            "spot_instance_request_id": "",
            "subnet_id": "subnet-09f1580592293aac2",
            "tags": {
              "Country": "jp",
              "Environment": "demo",
              "Name": "optima-jp-demo-api",
              "OS": "windows",
              "Role": "api-server"
            },
            "tags_all": {
              "Country": "jp",
              "Environment": "demo",
              "Name": "optima-jp-demo-api",
              "OS": "windows",
              "Role": "api-server"
            },
            "tenancy": "default",
            "timeouts": null,
            "user_data": "74d38ff32195dc8ab7402b22f4c662066cc67aea",
            "user_data_base64": null,
            "user_data_replace_on_change": false,
            "volume_tags": null,
            "vpc_security_group_ids": [
              "sg-0f228b00347514a0c"
            ]
          },
          "sensitive_attributes": [
            [
              {
                "type": "get_attr",
                "value": "user_data"
              }
            ]
          ],
          "identity_schema_version": 0,
          "private": "eyJlMmJmYjczMC1lY2FhLTExZTYtOGY4OC0zNDM2M2JjN2M0YzAiOnsiY3JlYXRlIjo2MDAwMDAwMDAwMDAsImRlbGV0ZSI6MTIwMDAwMDAwMDAwMCwicmVhZCI6OTAwMDAwMDAwMDAwLCJ1cGRhdGUiOjYwMDAwMDAwMDAwMH0sInNjaGVtYV92ZXJzaW9uIjoiMSJ9",
          "dependencies": [
            "data.http.my_ip",
            "module.compute.aws_db_instance.optima",
            "module.compute.aws_db_subnet_group.optima",
            "module.compute.aws_key_pair.optima",
            "module.compute.aws_security_group.api_server",
            "module.compute.aws_security_group.rds",
            "module.compute.aws_security_group.ui_server",
            "module.compute.data.aws_ami.windows_server",
            "module.compute.tls_private_key.optima",
            "module.networking.aws_subnet.private",
            "module.networking.aws_subnet.public",
            "module.networking.aws_vpc.main"
          ]
        }
      ]
    },
    {
      "module": "module.compute",
      "mode": "managed",
      "type": "aws_instance",
      "name": "ui_server",
      "provider": "provider[\"registry.terraform.io/hashicorp/aws\"]",
      "instances": [
        {
          "schema_version": 1,
          "attributes": {
            "ami": "ami-0244ef75e95122fd9",
            "arn": "arn:aws:ec2:ap-northeast-1:764673263023:instance/i-0c504b3bcb073b1bf",
            "associate_public_ip_address": true,
            "availability_zone": "ap-northeast-1c",
            "capacity_reservation_specification": [
              {
                "capacity_reservation_preference": "open",
                "capacity_reservation_target": []
              }
            ],
            "cpu_core_count": 1,
            "cpu_options": [
              {
                "amd_sev_snp": "",
                "core_count": 1,
                "threads_per_core": 2
              }
            ],
            "cpu_threads_per_core": 2,
            "credit_specification": [
              {
                "cpu_credits": "unlimited"
              }
            ],
            "disable_api_stop": false,
            "disable_api_termination": false,
            "ebs_block_device": [],
            "ebs_optimized": false,
            "enable_primary_ipv6": null,
            "enclave_options": [
              {
                "enabled": false
              }
            ],
            "ephemeral_block_device": [],
            "get_password_data": false,
            "hibernation": false,
            "host_id": "",
            "host_resource_group_arn": null,
            "iam_instance_profile": "",
            "id": "i-0c504b3bcb073b1bf",
            "instance_initiated_shutdown_behavior": "stop",
            "instance_lifecycle": "",
            "instance_market_options": [],
            "instance_state": "running",
            "instance_type": "t3.small",
            "ipv6_address_count": 0,
            "ipv6_addresses": [],
            "key_name": "optima-jp-demo",
            "launch_template": [],
            "maintenance_options": [
              {
                "auto_recovery": "default"
              }
            ],
            "metadata_options": [
              {
                "http_endpoint": "enabled",
                "http_protocol_ipv6": "disabled",
                "http_put_response_hop_limit": 1,
                "http_tokens": "optional",
                "instance_metadata_tags": "disabled"
              }
            ],
            "monitoring": false,
            "network_interface": [],
            "outpost_arn": "",
            "password_data": "",
            "placement_group": "",
            "placement_partition_number": 0,
            "primary_network_interface_id": "eni-0828c40f9e1c57724",
            "private_dns": "ip-10-0-2-146.ap-northeast-1.compute.internal",
            "private_dns_name_options": [
              {
                "enable_resource_name_dns_a_record": false,
                "enable_resource_name_dns_aaaa_record": false,
                "hostname_type": "ip-name"
              }
            ],
            "private_ip": "10.0.2.146",
            "public_dns": "ec2-52-198-19-4.ap-northeast-1.compute.amazonaws.com",
            "public_ip": "52.198.19.4",
            "root_block_device": [
              {
                "delete_on_termination": true,
                "device_name": "/dev/sda1",
                "encrypted": true,
                "iops": 3000,
                "kms_key_id": "arn:aws:kms:ap-northeast-1:764673263023:key/cfc0710f-e23b-4999-9fec-32b9f3f7ff1d",
                "tags": null,
                "tags_all": {},
                "throughput": 125,
                "volume_id": "vol-0d2b4fe4d2b6631b2",
                "volume_size": 20,
                "volume_type": "gp3"
              }
            ],
            "secondary_private_ips": [],
            "security_groups": [],
            "source_dest_check": true,
            "spot_instance_request_id": "",
            "subnet_id": "subnet-01508408eff7f17df",
            "tags": {
              "Country": "jp",
              "Environment": "demo",
              "Name": "optima-jp-demo-ui",
              "OS": "ubuntu",
              "Role": "ui-server"
            },
            "tags_all": {
              "Country": "jp",
              "Environment": "demo",
              "Name": "optima-jp-demo-ui",
              "OS": "ubuntu",
              "Role": "ui-server"
            },
            "tenancy": "default",
            "timeouts": null,
            "user_data": "159b7d3521d2cb3519b91accf511dca723c44468",
            "user_data_base64": null,
            "user_data_replace_on_change": false,
            "volume_tags": null,
            "vpc_security_group_ids": [
              "sg-0cadb775feee24666"
            ]
          },
          "sensitive_attributes": [
            [
              {
                "type": "get_attr",
                "value": "user_data"
              }
            ]
          ],
          "identity_schema_version": 0,
          "private": "eyJlMmJmYjczMC1lY2FhLTExZTYtOGY4OC0zNDM2M2JjN2M0YzAiOnsiY3JlYXRlIjo2MDAwMDAwMDAwMDAsImRlbGV0ZSI6MTIwMDAwMDAwMDAwMCwicmVhZCI6OTAwMDAwMDAwMDAwLCJ1cGRhdGUiOjYwMDAwMDAwMDAwMH0sInNjaGVtYV92ZXJzaW9uIjoiMSJ9",
          "dependencies": [
            "data.http.my_ip",
            "module.compute.aws_db_instance.optima",
            "module.compute.aws_db_subnet_group.optima",
            "module.compute.aws_instance.api_server",
            "module.compute.aws_key_pair.optima",
            "module.compute.aws_security_group.api_server",
            "module.compute.aws_security_group.rds",
            "module.compute.aws_security_group.ui_server",
            "module.compute.data.aws_ami.ubuntu",
            "module.compute.data.aws_ami.windows_server",
            "module.compute.tls_private_key.optima",
            "module.networking.aws_subnet.private",
            "module.networking.aws_subnet.public",
            "module.networking.aws_vpc.main"
          ]
        }
      ]
    },
    {
      "module": "module.compute",
      "mode": "managed",
      "type": "aws_key_pair",
      "name": "optima",
      "provider": "provider[\"registry.terraform.io/hashicorp/aws\"]",
      "instances": [
        {
          "schema_version": 1,
          "attributes": {
            "arn": "arn:aws:ec2:ap-northeast-1:764673263023:key-pair/optima-jp-demo",
            "fingerprint": "b6:ec:33:ac:34:e0:33:f7:a9:bd:b3:2e:27:db:49:0a",
            "id": "optima-jp-demo",
            "key_name": "optima-jp-demo",
            "key_name_prefix": "",
            "key_pair_id": "key-01e1548e956947f71",
            "key_type": "rsa",
            "public_key": "ssh-rsa AAAAB3NzaC1yc2EAAAADAQABAAABAQDBHgeAPcyByWpaCVO7lCcDH1R6CEe4+p3IYc55nxmaDlwGzUW5lPbXSATkyWJu6WfWkDPL9qfPNuZSYoRe+5XweZpTIhGotqZnAz0c7dmtJIlPm+jTnVnVKu8SPPXLQhYxfnV+n0bb5hAaoqGXzvcCKBsF/7LByRTKGlF9n853lglKJzB8lylWNI7WupUJM8T5WW6W1Xb5CnYJkBZ5oU0WkMMs9q0Tig54v3wC5/2iZ1bmDxBvOJ3Al7j7Ab/PpkCDvUxpMQiDcbCFB12o7eH05SU7B+v2ob97kfV8PjzpqL7QogTaXxbIdpCVgut/UgZKAKTxZ1l0ELx+5QenaMN1",
            "tags": {
              "Country": "jp",
              "Environment": "demo",
              "Name": "optima-jp-demo"
            },
            "tags_all": {
              "Country": "jp",
              "Environment": "demo",
              "Name": "optima-jp-demo"
            }
          },
          "sensitive_attributes": [],
          "identity_schema_version": 0,
          "private": "eyJzY2hlbWFfdmVyc2lvbiI6IjEifQ==",
          "dependencies": [
            "module.compute.tls_private_key.optima"
          ]
        }
      ]
    },
    {
      "module": "module.compute",
      "mode": "managed",
      "type": "aws_security_group",
      "name": "api_server",
      "provider": "provider[\"registry.terraform.io/hashicorp/aws\"]",
      "instances": [
        {
          "schema_version": 1,
          "attributes": {
            "arn": "arn:aws:ec2:ap-northeast-1:764673263023:security-group/sg-0f228b00347514a0c",
            "description": "Security group for Optima API Server (.NET 7/Windows)",
            "egress": [
              {
                "cidr_blocks": [
                  "0.0.0.0/0"
                ],
                "description": "",
                "from_port": 0,
                "ipv6_cidr_blocks": [],
                "prefix_list_ids": [],
                "protocol": "-1",
                "security_groups": [],
                "self": false,
                "to_port": 0
              }
            ],
            "id": "sg-0f228b00347514a0c",
            "ingress": [
              {
                "cidr_blocks": [
                  "0.0.0.0/0"
                ],
                "description": "",
                "from_port": 3389,
                "ipv6_cidr_blocks": [],
                "prefix_list_ids": [],
                "protocol": "tcp",
                "security_groups": [],
                "self": false,
                "to_port": 3389
              },
              {
                "cidr_blocks": [
                  "0.0.0.0/0"
                ],
                "description": "",
                "from_port": 443,
                "ipv6_cidr_blocks": [],
                "prefix_list_ids": [],
                "protocol": "tcp",
                "security_groups": [],
                "self": false,
                "to_port": 443
              },
              {
                "cidr_blocks": [
                  "0.0.0.0/0"
                ],
                "description": "",
                "from_port": 5986,
                "ipv6_cidr_blocks": [],
                "prefix_list_ids": [],
                "protocol": "tcp",
                "security_groups": [],
                "self": false,
                "to_port": 5986
              },
              {
                "cidr_blocks": [
                  "0.0.0.0/0"
                ],
                "description": "",
                "from_port": 80,
                "ipv6_cidr_blocks": [],
                "prefix_list_ids": [],
                "protocol": "tcp",
                "security_groups": [],
                "self": false,
                "to_port": 80
              },
              {
                "cidr_blocks": [
                  "10.0.0.0/16"
                ],
                "description": "",
                "from_port": 8080,
                "ipv6_cidr_blocks": [],
                "prefix_list_ids": [],
                "protocol": "tcp",
                "security_groups": [],
                "self": false,
                "to_port": 8080
              }
            ],
            "name": "optima-jp-demo-api-20251029161420197500000004",
            "name_prefix": "optima-jp-demo-api-",
            "owner_id": "764673263023",
            "revoke_rules_on_delete": false,
            "tags": {
              "Name": "optima-jp-demo-api-sg"
            },
            "tags_all": {
              "Name": "optima-jp-demo-api-sg"
            },
            "timeouts": null,
            "vpc_id": "vpc-04ea85205654fd520"
          },
          "sensitive_attributes": [],
          "identity_schema_version": 0,
          "private": "eyJlMmJmYjczMC1lY2FhLTExZTYtOGY4OC0zNDM2M2JjN2M0YzAiOnsiY3JlYXRlIjo2MDAwMDAwMDAwMDAsImRlbGV0ZSI6OTAwMDAwMDAwMDAwfSwic2NoZW1hX3ZlcnNpb24iOiIxIn0=",
          "dependencies": [
            "module.networking.aws_vpc.main"
          ]
        }
      ]
    },
    {
      "module": "module.compute",
      "mode": "managed",
      "type": "aws_security_group",
      "name": "rds",
      "provider": "provider[\"registry.terraform.io/hashicorp/aws\"]",
      "instances": [
        {
          "schema_version": 1,
          "attributes": {
            "arn": "arn:aws:ec2:ap-northeast-1:764673263023:security-group/sg-0324bca4e81f38b73",
            "description": "Security group for Optima RDS SQL Server",
            "egress": [
              {
                "cidr_blocks": [
                  "0.0.0.0/0"
                ],
                "description": "",
                "from_port": 0,
                "ipv6_cidr_blocks": [],
                "prefix_list_ids": [],
                "protocol": "-1",
                "security_groups": [],
                "self": false,
                "to_port": 0
              }
            ],
            "id": "sg-0324bca4e81f38b73",
            "ingress": [
              {
                "cidr_blocks": [],
                "description": "",
                "from_port": 1433,
                "ipv6_cidr_blocks": [],
                "prefix_list_ids": [],
                "protocol": "tcp",
                "security_groups": [
                  "sg-0cadb775feee24666"
                ],
                "self": false,
                "to_port": 1433
              },
              {
                "cidr_blocks": [],
                "description": "",
                "from_port": 1433,
                "ipv6_cidr_blocks": [],
                "prefix_list_ids": [],
                "protocol": "tcp",
                "security_groups": [
                  "sg-0f228b00347514a0c"
                ],
                "self": false,
                "to_port": 1433
              }
            ],
            "name": "optima-jp-demo-rds-20251029161425075300000006",
            "name_prefix": "optima-jp-demo-rds-",
            "owner_id": "764673263023",
            "revoke_rules_on_delete": false,
            "tags": {
              "Name": "optima-jp-demo-rds-sg"
            },
            "tags_all": {
              "Name": "optima-jp-demo-rds-sg"
            },
            "timeouts": null,
            "vpc_id": "vpc-04ea85205654fd520"
          },
          "sensitive_attributes": [],
          "identity_schema_version": 0,
          "private": "eyJlMmJmYjczMC1lY2FhLTExZTYtOGY4OC0zNDM2M2JjN2M0YzAiOnsiY3JlYXRlIjo2MDAwMDAwMDAwMDAsImRlbGV0ZSI6OTAwMDAwMDAwMDAwfSwic2NoZW1hX3ZlcnNpb24iOiIxIn0=",
          "dependencies": [
            "data.http.my_ip",
            "module.compute.aws_security_group.api_server",
            "module.compute.aws_security_group.ui_server",
            "module.networking.aws_vpc.main"
          ]
        }
      ]
    },
    {
      "module": "module.compute",
      "mode": "managed",
      "type": "aws_security_group",
      "name": "ui_server",
      "provider": "provider[\"registry.terraform.io/hashicorp/aws\"]",
      "instances": [
        {
          "schema_version": 1,
          "attributes": {
            "arn": "arn:aws:ec2:ap-northeast-1:764673263023:security-group/sg-0cadb775feee24666",
            "description": "Security group for Optima UI Server (Laravel/Ubuntu)",
            "egress": [
              {
                "cidr_blocks": [
                  "0.0.0.0/0"
                ],
                "description": "",
                "from_port": 0,
                "ipv6_cidr_blocks": [],
                "prefix_list_ids": [],
                "protocol": "-1",
                "security_groups": [],
                "self": false,
                "to_port": 0
              }
            ],
            "id": "sg-0cadb775feee24666",
            "ingress": [
              {
                "cidr_blocks": [
                  "0.0.0.0/0"
                ],
                "description": "",
                "from_port": 443,
                "ipv6_cidr_blocks": [],
                "prefix_list_ids": [],
                "protocol": "tcp",
                "security_groups": [],
                "self": false,
                "to_port": 443
              },
              {
                "cidr_blocks": [
                  "0.0.0.0/0"
                ],
                "description": "",
                "from_port": 80,
                "ipv6_cidr_blocks": [],
                "prefix_list_ids": [],
                "protocol": "tcp",
                "security_groups": [],
                "self": false,
                "to_port": 80
              },
              {
                "cidr_blocks": [
                  "103.158.154.7/32"
                ],
                "description": "",
                "from_port": 22,
                "ipv6_cidr_blocks": [],
                "prefix_list_ids": [],
                "protocol": "tcp",
                "security_groups": [],
                "self": false,
                "to_port": 22
              }
            ],
            "name": "optima-jp-demo-ui-20251029161420194300000003",
            "name_prefix": "optima-jp-demo-ui-",
            "owner_id": "764673263023",
            "revoke_rules_on_delete": false,
            "tags": {
              "Name": "optima-jp-demo-ui-sg"
            },
            "tags_all": {
              "Name": "optima-jp-demo-ui-sg"
            },
            "timeouts": null,
            "vpc_id": "vpc-04ea85205654fd520"
          },
          "sensitive_attributes": [],
          "identity_schema_version": 0,
          "private": "eyJlMmJmYjczMC1lY2FhLTExZTYtOGY4OC0zNDM2M2JjN2M0YzAiOnsiY3JlYXRlIjo2MDAwMDAwMDAwMDAsImRlbGV0ZSI6OTAwMDAwMDAwMDAwfSwic2NoZW1hX3ZlcnNpb24iOiIxIn0=",
          "dependencies": [
            "data.http.my_ip",
            "module.networking.aws_vpc.main"
          ]
        }
      ]
    },
    {
      "module": "module.compute",
      "mode": "managed",
      "type": "local_file",
      "name": "private_key",
      "provider": "provider[\"registry.terraform.io/hashicorp/local\"]",
      "instances": [
        {
          "schema_version": 0,
          "attributes": {
            "content": "-----BEGIN RSA PRIVATE KEY-----\nMIIEpAIBAAKCAQEAwR4HgD3MgclqWglTu5QnAx9UeghHuPqdyGHOeZ8Zmg5cBs1F\nuZT210gE5Mlibuln1pAzy/anzzbmUmKEXvuV8HmaUyIRqLamZwM9HO3ZrSSJT5vo\n051Z1SrvEjz1y0IWMX51fp9G2+YQGqKhl873AigbBf+ywckUyhpRfZ/Od5YJSicw\nfJcpVjSO1rqVCTPE+VlultV2+Qp2CZAWeaFNFpDDLPatE4oOeL98Auf9omdW5g8Q\nbzidwJe4+wG/z6ZAg71MaTEIg3GwhQddqO3h9OUlOwfr9qG/e5H1fD486ai+0KIE\n2l8WyHaQlYLrf1IGSgCk8WdZdBC8fuUHp2jDdQIDAQABAoIBAAZoFstILDuBW+qz\nv4LhZdqX1KdzFIoMSmVmP+wkp+ab+QKYFxWSiGPY9aHvamQP5eF7iYmyhkZSEG8F\nlKr1Vrfnw4O5hXN0PRioG1lqgfEECB12KHxeDn0LaRX7pBMuVJUnbazEikcWSUzQ\n6LfOu768Z4pvPVYUyStGlz3Uf4wpBQNQd61KLwTUhmgLcHadCuUQC53rdFHUZz1w\nz1RQeFPzgmcBt7xhFMPwwGg9Z7pbY2gpUrjXWZtRYQYB3IYHEOowhgij7QSBcvG3\nTca7IsO6Uw+dXQCjpRLR1dA2Caryq4Xkj5VSaRfpKvKCPF3t30CDyNZLrKnT/Pjb\nSLucbwsCgYEA/1SSQu/HGLXeLjzhrr/w9l9kxbkHj8E0zlfBfnx9P7ij4etw6UDI\nL4X4fiRykFte1QTD9d8N643BQ4E9yjKrnuela31HvohP58tHO6NVSZ6ewgSp2uE9\nM6VRXf8hBksg0VJFl2Z7G2YcLbhXFnkWf6YHNvJqZQgyJaGFq2CTeocCgYEAwZ+w\nKuehk+Rju7p2JhQtJAiV2k3o9ObvsDrbl64J+WsNtYfrr1z+TASiLLafqY1kfrb0\nxS2BrW4BxNma170D3I0HbTx0WS2mKAqX52FPptsA9jTEZOEdnkm7nvXNTCsjnH8T\nx+pOBb9NeG4TYAsrWo7QoN9kORs8FXDMxoQKpSMCgYEAoV4Grg0yTDisuZY6n6Gp\nHVw+qQN+dukJgZtOq6zrz3jXAjI1gwUxP2+xE6/fQ8KrVX+UhXC6MHO/f/VPYtnR\nQzVtg1iDHjSyI3GCjHt2rHd2KHKgErglYN2LZheW/I5AqGoRl1TqWu+WwYJub8KJ\naJU6nAxrF30tjEDf5Oa9bkMCgYBQmLgsI98OQLODIUqs7xkbNrep92RRDRAYu2dM\n7BUazYUXW0yv4nW4DvWyxxIO8dwzItUgfqDMIE58MlhSFUvWMp40ykVkGaxgXoh8\nt/T/74mm8rANjedWTDrdIFQksJBSRFNnlBCGM+t7hdZq1DtnpqsRS+vcGYoZIqsa\ntzv3IQKBgQDX3GrX4cE0jkrXW6E1ZR1PxA/rv1Ioa1PWicY6CoAmCxDKMw79EJtz\niN0/jM/3dvBpQcxDVJd2BdWW9bhSZhWw981WETdyqCOc65lAL+Me/jF45HDChQbU\n132o0/OBCy1BxDA8U2DcpMk3vdO8q+Nh+VpJSr3fLeKa0lKY4fxQ6g==\n-----END RSA PRIVATE KEY-----\n",
            "content_base64": null,
            "content_base64sha256": "Tuiug8NLY3uVSuUX/LFi+jO+ThOtJQRtkPJ+oXSi2eA=",
            "content_base64sha512": "iDhJ5mshuYSjadryeXTUgmMEYMfkOYOmazNOfdtfpuRSdfiooWyY/GpfbMuCD8JgYlIv1/O4eYSYs/gPsYCXXQ==",
            "content_md5": "34156d8f9446fe20c042b6d19a49cbe3",
            "content_sha1": "c3abc30bdeeadd96ccf3612537a51f20e070b0b8",
            "content_sha256": "4ee8ae83c34b637b954ae517fcb162fa33be4e13ad25046d90f27ea174a2d9e0",
            "content_sha512": "883849e66b21b984a369daf27974d482630460c7e43983a66b334e7ddb5fa6e45275f8a8a16c98fc6a5f6ccb820fc26062522fd7f3b8798498b3f80fb180975d",
            "directory_permission": "0777",
            "file_permission": "0600",
            "filename": "./optima-jp-demo.pem",
            "id": "c3abc30bdeeadd96ccf3612537a51f20e070b0b8",
            "sensitive_content": null,
            "source": null
          },
          "sensitive_attributes": [
            [
              {
                "type": "get_attr",
                "value": "content"
              }
            ],
            [
              {
                "type": "get_attr",
                "value": "sensitive_content"
              }
            ]
          ],
          "identity_schema_version": 0,
          "dependencies": [
            "module.compute.tls_private_key.optima"
          ]
        }
      ]
    },
    {
      "module": "module.compute",
      "mode": "managed",
      "type": "tls_private_key",
      "name": "optima",
      "provider": "provider[\"registry.terraform.io/hashicorp/tls\"]",
      "instances": [
        {
          "schema_version": 1,
          "attributes": {
            "algorithm": "RSA",
            "ecdsa_curve": "P224",
            "id": "9e2b5f8e0f04bf7f59c94a801fe60698b3ac81d9",
            "private_key_openssh": "-----BEGIN OPENSSH PRIVATE KEY-----\nb3BlbnNzaC1rZXktdjEAAAAABG5vbmUAAAAEbm9uZQAAAAAAAAABAAABFwAAAAdz\nc2gtcnNhAAAAAwEAAQAAAQEAwR4HgD3MgclqWglTu5QnAx9UeghHuPqdyGHOeZ8Z\nmg5cBs1FuZT210gE5Mlibuln1pAzy/anzzbmUmKEXvuV8HmaUyIRqLamZwM9HO3Z\nrSSJT5vo051Z1SrvEjz1y0IWMX51fp9G2+YQGqKhl873AigbBf+ywckUyhpRfZ/O\nd5YJSicwfJcpVjSO1rqVCTPE+VlultV2+Qp2CZAWeaFNFpDDLPatE4oOeL98Auf9\nomdW5g8QbzidwJe4+wG/z6ZAg71MaTEIg3GwhQddqO3h9OUlOwfr9qG/e5H1fD48\n6ai+0KIE2l8WyHaQlYLrf1IGSgCk8WdZdBC8fuUHp2jDdQAAA7h/koGTf5KBkwAA\nAAdzc2gtcnNhAAABAQDBHgeAPcyByWpaCVO7lCcDH1R6CEe4+p3IYc55nxmaDlwG\nzUW5lPbXSATkyWJu6WfWkDPL9qfPNuZSYoRe+5XweZpTIhGotqZnAz0c7dmtJIlP\nm+jTnVnVKu8SPPXLQhYxfnV+n0bb5hAaoqGXzvcCKBsF/7LByRTKGlF9n853lglK\nJzB8lylWNI7WupUJM8T5WW6W1Xb5CnYJkBZ5oU0WkMMs9q0Tig54v3wC5/2iZ1bm\nDxBvOJ3Al7j7Ab/PpkCDvUxpMQiDcbCFB12o7eH05SU7B+v2ob97kfV8PjzpqL7Q\nogTaXxbIdpCVgut/UgZKAKTxZ1l0ELx+5QenaMN1AAAAAwEAAQAAAQAGaBbLSCw7\ngVvqs7+C4WXal9SncxSKDEplZj/sJKfmm/kCmBcVkohj2PWh72pkD+Xhe4mJsoZG\nUhBvBZSq9Va358ODuYVzdD0YqBtZaoHxBAgddih8Xg59C2kV+6QTLlSVJ22sxIpH\nFklM0Oi3zru+vGeKbz1WFMkrRpc91H+MKQUDUHetSi8E1IZoC3B2nQrlEAud63RR\n1Gc9cM9UUHhT84JnAbe8YRTD8MBoPWe6W2NoKVK411mbUWEGAdyGBxDqMIYIo+0E\ngXLxt03GuyLDulMPnV0Ao6US0dXQNgmq8quF5I+VUmkX6Srygjxd7d9Ag8jWS6yp\n0/z420i7nG8LAAAAgQDX3GrX4cE0jkrXW6E1ZR1PxA/rv1Ioa1PWicY6CoAmCxDK\nMw79EJtziN0/jM/3dvBpQcxDVJd2BdWW9bhSZhWw981WETdyqCOc65lAL+Me/jF4\n5HDChQbU132o0/OBCy1BxDA8U2DcpMk3vdO8q+Nh+VpJSr3fLeKa0lKY4fxQ6gAA\nAIEA/1SSQu/HGLXeLjzhrr/w9l9kxbkHj8E0zlfBfnx9P7ij4etw6UDIL4X4fiRy\nkFte1QTD9d8N643BQ4E9yjKrnuela31HvohP58tHO6NVSZ6ewgSp2uE9M6VRXf8h\nBksg0VJFl2Z7G2YcLbhXFnkWf6YHNvJqZQgyJaGFq2CTeocAAACBAMGfsCrnoZPk\nY7u6diYULSQIldpN6PTm77A625euCflrDbWH669c/kwEoiy2n6mNZH629MUtga1u\nAcTZmte9A9yNB208dFktpigKl+dhT6bbAPY0xGThHZ5Ju571zUwrI5x/E8fqTgW/\nTXhuE2ALK1qO0KDfZDkbPBVwzMaECqUjAAAAAAEC\n-----END OPENSSH PRIVATE KEY-----\n",
            "private_key_pem": "-----BEGIN RSA PRIVATE KEY-----\nMIIEpAIBAAKCAQEAwR4HgD3MgclqWglTu5QnAx9UeghHuPqdyGHOeZ8Zmg5cBs1F\nuZT210gE5Mlibuln1pAzy/anzzbmUmKEXvuV8HmaUyIRqLamZwM9HO3ZrSSJT5vo\n051Z1SrvEjz1y0IWMX51fp9G2+YQGqKhl873AigbBf+ywckUyhpRfZ/Od5YJSicw\nfJcpVjSO1rqVCTPE+VlultV2+Qp2CZAWeaFNFpDDLPatE4oOeL98Auf9omdW5g8Q\nbzidwJe4+wG/z6ZAg71MaTEIg3GwhQddqO3h9OUlOwfr9qG/e5H1fD486ai+0KIE\n2l8WyHaQlYLrf1IGSgCk8WdZdBC8fuUHp2jDdQIDAQABAoIBAAZoFstILDuBW+qz\nv4LhZdqX1KdzFIoMSmVmP+wkp+ab+QKYFxWSiGPY9aHvamQP5eF7iYmyhkZSEG8F\nlKr1Vrfnw4O5hXN0PRioG1lqgfEECB12KHxeDn0LaRX7pBMuVJUnbazEikcWSUzQ\n6LfOu768Z4pvPVYUyStGlz3Uf4wpBQNQd61KLwTUhmgLcHadCuUQC53rdFHUZz1w\nz1RQeFPzgmcBt7xhFMPwwGg9Z7pbY2gpUrjXWZtRYQYB3IYHEOowhgij7QSBcvG3\nTca7IsO6Uw+dXQCjpRLR1dA2Caryq4Xkj5VSaRfpKvKCPF3t30CDyNZLrKnT/Pjb\nSLucbwsCgYEA/1SSQu/HGLXeLjzhrr/w9l9kxbkHj8E0zlfBfnx9P7ij4etw6UDI\nL4X4fiRykFte1QTD9d8N643BQ4E9yjKrnuela31HvohP58tHO6NVSZ6ewgSp2uE9\nM6VRXf8hBksg0VJFl2Z7G2YcLbhXFnkWf6YHNvJqZQgyJaGFq2CTeocCgYEAwZ+w\nKuehk+Rju7p2JhQtJAiV2k3o9ObvsDrbl64J+WsNtYfrr1z+TASiLLafqY1kfrb0\nxS2BrW4BxNma170D3I0HbTx0WS2mKAqX52FPptsA9jTEZOEdnkm7nvXNTCsjnH8T\nx+pOBb9NeG4TYAsrWo7QoN9kORs8FXDMxoQKpSMCgYEAoV4Grg0yTDisuZY6n6Gp\nHVw+qQN+dukJgZtOq6zrz3jXAjI1gwUxP2+xE6/fQ8KrVX+UhXC6MHO/f/VPYtnR\nQzVtg1iDHjSyI3GCjHt2rHd2KHKgErglYN2LZheW/I5AqGoRl1TqWu+WwYJub8KJ\naJU6nAxrF30tjEDf5Oa9bkMCgYBQmLgsI98OQLODIUqs7xkbNrep92RRDRAYu2dM\n7BUazYUXW0yv4nW4DvWyxxIO8dwzItUgfqDMIE58MlhSFUvWMp40ykVkGaxgXoh8\nt/T/74mm8rANjedWTDrdIFQksJBSRFNnlBCGM+t7hdZq1DtnpqsRS+vcGYoZIqsa\ntzv3IQKBgQDX3GrX4cE0jkrXW6E1ZR1PxA/rv1Ioa1PWicY6CoAmCxDKMw79EJtz\niN0/jM/3dvBpQcxDVJd2BdWW9bhSZhWw981WETdyqCOc65lAL+Me/jF45HDChQbU\n132o0/OBCy1BxDA8U2DcpMk3vdO8q+Nh+VpJSr3fLeKa0lKY4fxQ6g==\n-----END RSA PRIVATE KEY-----\n",
            "private_key_pem_pkcs8": "-----BEGIN PRIVATE KEY-----\nMIIEvgIBADANBgkqhkiG9w0BAQEFAASCBKgwggSkAgEAAoIBAQDBHgeAPcyByWpa\nCVO7lCcDH1R6CEe4+p3IYc55nxmaDlwGzUW5lPbXSATkyWJu6WfWkDPL9qfPNuZS\nYoRe+5XweZpTIhGotqZnAz0c7dmtJIlPm+jTnVnVKu8SPPXLQhYxfnV+n0bb5hAa\noqGXzvcCKBsF/7LByRTKGlF9n853lglKJzB8lylWNI7WupUJM8T5WW6W1Xb5CnYJ\nkBZ5oU0WkMMs9q0Tig54v3wC5/2iZ1bmDxBvOJ3Al7j7Ab/PpkCDvUxpMQiDcbCF\nB12o7eH05SU7B+v2ob97kfV8PjzpqL7QogTaXxbIdpCVgut/UgZKAKTxZ1l0ELx+\n5QenaMN1AgMBAAECggEABmgWy0gsO4Fb6rO/guFl2pfUp3MUigxKZWY/7CSn5pv5\nApgXFZKIY9j1oe9qZA/l4XuJibKGRlIQbwWUqvVWt+fDg7mFc3Q9GKgbWWqB8QQI\nHXYofF4OfQtpFfukEy5UlSdtrMSKRxZJTNDot867vrxnim89VhTJK0aXPdR/jCkF\nA1B3rUovBNSGaAtwdp0K5RALnet0UdRnPXDPVFB4U/OCZwG3vGEUw/DAaD1nultj\naClSuNdZm1FhBgHchgcQ6jCGCKPtBIFy8bdNxrsiw7pTD51dAKOlEtHV0DYJqvKr\nheSPlVJpF+kq8oI8Xe3fQIPI1kusqdP8+NtIu5xvCwKBgQD/VJJC78cYtd4uPOGu\nv/D2X2TFuQePwTTOV8F+fH0/uKPh63DpQMgvhfh+JHKQW17VBMP13w3rjcFDgT3K\nMque56VrfUe+iE/ny0c7o1VJnp7CBKna4T0zpVFd/yEGSyDRUkWXZnsbZhwtuFcW\neRZ/pgc28mplCDIloYWrYJN6hwKBgQDBn7Aq56GT5GO7unYmFC0kCJXaTej05u+w\nOtuXrgn5aw21h+uvXP5MBKIstp+pjWR+tvTFLYGtbgHE2ZrXvQPcjQdtPHRZLaYo\nCpfnYU+m2wD2NMRk4R2eSbue9c1MKyOcfxPH6k4Fv014bhNgCytajtCg32Q5GzwV\ncMzGhAqlIwKBgQChXgauDTJMOKy5ljqfoakdXD6pA3526QmBm06rrOvPeNcCMjWD\nBTE/b7ETr99DwqtVf5SFcLowc79/9U9i2dFDNW2DWIMeNLIjcYKMe3asd3YocqAS\nuCVg3YtmF5b8jkCoahGXVOpa75bBgm5vwololTqcDGsXfS2MQN/k5r1uQwKBgFCY\nuCwj3w5As4MhSqzvGRs2t6n3ZFENEBi7Z0zsFRrNhRdbTK/idbgO9bLHEg7x3DMi\n1SB+oMwgTnwyWFIVS9YynjTKRWQZrGBeiHy39P/viabysA2N51ZMOt0gVCSwkFJE\nU2eUEIYz63uF1mrUO2emqxFL69wZihkiqxq3O/chAoGBANfcatfhwTSOStdboTVl\nHU/ED+u/UihrU9aJxjoKgCYLEMozDv0Qm3OI3T+Mz/d28GlBzENUl3YF1Zb1uFJm\nFbD3zVYRN3KoI5zrmUAv4x7+MXjkcMKFBtTXfajT84ELLUHEMDxTYNykyTe907yr\n42H5WklKvd8t4prSUpjh/FDq\n-----END PRIVATE KEY-----\n",
            "public_key_fingerprint_md5": "49:ad:ec:4b:dd:40:76:9d:3e:c0:ee:fd:c7:c2:6d:ec",
            "public_key_fingerprint_sha256": "SHA256:heEKgsOlbm0WQYL/sD/v1An7JZajyUe0YEIJBoROomI",
            "public_key_openssh": "ssh-rsa AAAAB3NzaC1yc2EAAAADAQABAAABAQDBHgeAPcyByWpaCVO7lCcDH1R6CEe4+p3IYc55nxmaDlwGzUW5lPbXSATkyWJu6WfWkDPL9qfPNuZSYoRe+5XweZpTIhGotqZnAz0c7dmtJIlPm+jTnVnVKu8SPPXLQhYxfnV+n0bb5hAaoqGXzvcCKBsF/7LByRTKGlF9n853lglKJzB8lylWNI7WupUJM8T5WW6W1Xb5CnYJkBZ5oU0WkMMs9q0Tig54v3wC5/2iZ1bmDxBvOJ3Al7j7Ab/PpkCDvUxpMQiDcbCFB12o7eH05SU7B+v2ob97kfV8PjzpqL7QogTaXxbIdpCVgut/UgZKAKTxZ1l0ELx+5QenaMN1\n",
            "public_key_pem": "-----BEGIN PUBLIC KEY-----\nMIIBIjANBgkqhkiG9w0BAQEFAAOCAQ8AMIIBCgKCAQEAwR4HgD3MgclqWglTu5Qn\nAx9UeghHuPqdyGHOeZ8Zmg5cBs1FuZT210gE5Mlibuln1pAzy/anzzbmUmKEXvuV\n8HmaUyIRqLamZwM9HO3ZrSSJT5vo051Z1SrvEjz1y0IWMX51fp9G2+YQGqKhl873\nAigbBf+ywckUyhpRfZ/Od5YJSicwfJcpVjSO1rqVCTPE+VlultV2+Qp2CZAWeaFN\nFpDDLPatE4oOeL98Auf9omdW5g8QbzidwJe4+wG/z6ZAg71MaTEIg3GwhQddqO3h\n9OUlOwfr9qG/e5H1fD486ai+0KIE2l8WyHaQlYLrf1IGSgCk8WdZdBC8fuUHp2jD\ndQIDAQAB\n-----END PUBLIC KEY-----\n",
            "rsa_bits": 2048
          },
          "sensitive_attributes": [
            [
              {
                "type": "get_attr",
                "value": "private_key_openssh"
              }
            ],
            [
              {
                "type": "get_attr",
                "value": "private_key_pem"
              }
            ],
            [
              {
                "type": "get_attr",
                "value": "private_key_pem_pkcs8"
              }
            ]
          ],
          "identity_schema_version": 0
        }
      ]
    },
    {
      "module": "module.dns",
      "mode": "data",
      "type": "aws_route53_zone",
      "name": "main",
      "provider": "provider[\"registry.terraform.io/hashicorp/aws\"]",
      "instances": [
        {
          "schema_version": 0,
          "attributes": {
            "arn": "arn:aws:route53:::hostedzone/Z1042555JEWPI0Q26S8J",
            "caller_reference": "432728d3-97b6-4d4e-876a-08a5cf08466c",
            "comment": "",
            "id": "Z1042555JEWPI0Q26S8J",
            "linked_service_description": null,
            "linked_service_principal": null,
            "name": "xva-rnd.com",
            "name_servers": [
              "ns-124.awsdns-15.com",
              "ns-1952.awsdns-52.co.uk",
              "ns-514.awsdns-00.net",
              "ns-1359.awsdns-41.org"
            ],
            "primary_name_server": "ns-124.awsdns-15.com",
            "private_zone": false,
            "resource_record_set_count": 34,
            "tags": {},
            "vpc_id": null,
            "zone_id": "Z1042555JEWPI0Q26S8J"
          },
          "sensitive_attributes": [],
          "identity_schema_version": 0
        }
      ]
    },
    {
      "module": "module.dns",
      "mode": "managed",
      "type": "aws_route53_health_check",
      "name": "api_server",
      "provider": "provider[\"registry.terraform.io/hashicorp/aws\"]",
      "instances": [
        {
          "schema_version": 0,
          "attributes": {
            "arn": "arn:aws:route53:::healthcheck/d5b32a72-1da3-463f-a06d-d30bba006316",
            "child_health_threshold": 0,
            "child_healthchecks": null,
            "cloudwatch_alarm_name": null,
            "cloudwatch_alarm_region": null,
            "disabled": false,
            "enable_sni": false,
            "failure_threshold": 5,
            "fqdn": "api-optima-jp.xva-rnd.com",
            "id": "d5b32a72-1da3-463f-a06d-d30bba006316",
            "insufficient_data_health_status": "",
            "invert_healthcheck": false,
            "ip_address": "",
            "measure_latency": false,
            "port": 80,
            "reference_name": null,
            "regions": null,
            "request_interval": 30,
            "resource_path": "/health",
            "routing_control_arn": "",
            "search_string": "",
            "tags": {
              "Country": "jp",
              "Environment": "demo",
              "Name": "demo-jp-api-health",
              "Project": "optima-iac"
            },
            "tags_all": {
              "Country": "jp",
              "Environment": "demo",
              "Name": "demo-jp-api-health",
              "Project": "optima-iac"
            },
            "triggers": {},
            "type": "HTTP"
          },
          "sensitive_attributes": [],
          "identity_schema_version": 0,
          "private": "bnVsbA==",
          "dependencies": [
            "data.http.my_ip",
            "module.compute.aws_db_instance.optima",
            "module.compute.aws_db_subnet_group.optima",
            "module.compute.aws_instance.api_server",
            "module.compute.aws_instance.ui_server",
            "module.compute.aws_key_pair.optima",
            "module.compute.aws_security_group.api_server",
            "module.compute.aws_security_group.rds",
            "module.compute.aws_security_group.ui_server",
            "module.compute.data.aws_ami.ubuntu",
            "module.compute.data.aws_ami.windows_server",
            "module.compute.local_file.private_key",
            "module.compute.tls_private_key.optima",
            "module.networking.aws_subnet.private",
            "module.networking.aws_subnet.public",
            "module.networking.aws_vpc.main"
          ]
        }
      ]
    },
    {
      "module": "module.dns",
      "mode": "managed",
      "type": "aws_route53_health_check",
      "name": "ui_server",
      "provider": "provider[\"registry.terraform.io/hashicorp/aws\"]",
      "instances": [
        {
          "schema_version": 0,
          "attributes": {
            "arn": "arn:aws:route53:::healthcheck/dc4afa59-8dd3-43f6-9e45-5446a6a0f28f",
            "child_health_threshold": 0,
            "child_healthchecks": null,
            "cloudwatch_alarm_name": null,
            "cloudwatch_alarm_region": null,
            "disabled": false,
            "enable_sni": false,
            "failure_threshold": 5,
            "fqdn": "optima-jp.xva-rnd.com",
            "id": "dc4afa59-8dd3-43f6-9e45-5446a6a0f28f",
            "insufficient_data_health_status": "",
            "invert_healthcheck": false,
            "ip_address": "",
            "measure_latency": false,
            "port": 80,
            "reference_name": null,
            "regions": null,
            "request_interval": 30,
            "resource_path": "/",
            "routing_control_arn": "",
            "search_string": "",
            "tags": {
              "Country": "jp",
              "Environment": "demo",
              "Name": "demo-jp-ui-health",
              "Project": "optima-iac"
            },
            "tags_all": {
              "Country": "jp",
              "Environment": "demo",
              "Name": "demo-jp-ui-health",
              "Project": "optima-iac"
            },
            "triggers": {},
            "type": "HTTP"
          },
          "sensitive_attributes": [],
          "identity_schema_version": 0,
          "private": "bnVsbA==",
          "dependencies": [
            "data.http.my_ip",
            "module.compute.aws_db_instance.optima",
            "module.compute.aws_db_subnet_group.optima",
            "module.compute.aws_instance.api_server",
            "module.compute.aws_instance.ui_server",
            "module.compute.aws_key_pair.optima",
            "module.compute.aws_security_group.api_server",
            "module.compute.aws_security_group.rds",
            "module.compute.aws_security_group.ui_server",
            "module.compute.data.aws_ami.ubuntu",
            "module.compute.data.aws_ami.windows_server",
            "module.compute.local_file.private_key",
            "module.compute.tls_private_key.optima",
            "module.networking.aws_subnet.private",
            "module.networking.aws_subnet.public",
            "module.networking.aws_vpc.main"
          ]
        }
      ]
    },
    {
      "module": "module.dns",
      "mode": "managed",
      "type": "aws_route53_record",
      "name": "api_server",
      "provider": "provider[\"registry.terraform.io/hashicorp/aws\"]",
      "instances": [
        {
          "schema_version": 2,
          "attributes": {
            "alias": [],
            "allow_overwrite": null,
            "cidr_routing_policy": [],
            "failover_routing_policy": [],
            "fqdn": "api-optima-jp.xva-rnd.com",
            "geolocation_routing_policy": [],
            "geoproximity_routing_policy": [],
            "health_check_id": "",
            "id": "Z1042555JEWPI0Q26S8J_api-optima-jp.xva-rnd.com_A",
            "latency_routing_policy": [],
            "multivalue_answer_routing_policy": false,
            "name": "api-optima-jp.xva-rnd.com",
            "records": [
              "13.114.103.96"
            ],
            "set_identifier": "",
            "timeouts": null,
            "ttl": 300,
            "type": "A",
            "weighted_routing_policy": [],
            "zone_id": "Z1042555JEWPI0Q26S8J"
          },
          "sensitive_attributes": [],
          "identity_schema_version": 0,
          "private": "eyJlMmJmYjczMC1lY2FhLTExZTYtOGY4OC0zNDM2M2JjN2M0YzAiOnsiY3JlYXRlIjoxODAwMDAwMDAwMDAwLCJkZWxldGUiOjE4MDAwMDAwMDAwMDAsInVwZGF0ZSI6MTgwMDAwMDAwMDAwMH0sInNjaGVtYV92ZXJzaW9uIjoiMiJ9",
          "dependencies": [
            "data.http.my_ip",
            "module.compute.aws_db_instance.optima",
            "module.compute.aws_db_subnet_group.optima",
            "module.compute.aws_instance.api_server",
            "module.compute.aws_instance.ui_server",
            "module.compute.aws_key_pair.optima",
            "module.compute.aws_security_group.api_server",
            "module.compute.aws_security_group.rds",
            "module.compute.aws_security_group.ui_server",
            "module.compute.data.aws_ami.ubuntu",
            "module.compute.data.aws_ami.windows_server",
            "module.compute.local_file.private_key",
            "module.compute.tls_private_key.optima",
            "module.dns.data.aws_route53_zone.main",
            "module.networking.aws_subnet.private",
            "module.networking.aws_subnet.public",
            "module.networking.aws_vpc.main"
          ]
        }
      ]
    },
    {
      "module": "module.dns",
      "mode": "managed",
      "type": "aws_route53_record",
      "name": "ui_server",
      "provider": "provider[\"registry.terraform.io/hashicorp/aws\"]",
      "instances": [
        {
          "schema_version": 2,
          "attributes": {
            "alias": [],
            "allow_overwrite": null,
            "cidr_routing_policy": [],
            "failover_routing_policy": [],
            "fqdn": "optima-jp.xva-rnd.com",
            "geolocation_routing_policy": [],
            "geoproximity_routing_policy": [],
            "health_check_id": "",
            "id": "Z1042555JEWPI0Q26S8J_optima-jp.xva-rnd.com_A",
            "latency_routing_policy": [],
            "multivalue_answer_routing_policy": false,
            "name": "optima-jp.xva-rnd.com",
            "records": [
              "52.198.19.4"
            ],
            "set_identifier": "",
            "timeouts": null,
            "ttl": 300,
            "type": "A",
            "weighted_routing_policy": [],
            "zone_id": "Z1042555JEWPI0Q26S8J"
          },
          "sensitive_attributes": [],
          "identity_schema_version": 0,
          "private": "eyJlMmJmYjczMC1lY2FhLTExZTYtOGY4OC0zNDM2M2JjN2M0YzAiOnsiY3JlYXRlIjoxODAwMDAwMDAwMDAwLCJkZWxldGUiOjE4MDAwMDAwMDAwMDAsInVwZGF0ZSI6MTgwMDAwMDAwMDAwMH0sInNjaGVtYV92ZXJzaW9uIjoiMiJ9",
          "dependencies": [
            "data.http.my_ip",
            "module.compute.aws_db_instance.optima",
            "module.compute.aws_db_subnet_group.optima",
            "module.compute.aws_instance.api_server",
            "module.compute.aws_instance.ui_server",
            "module.compute.aws_key_pair.optima",
            "module.compute.aws_security_group.api_server",
            "module.compute.aws_security_group.rds",
            "module.compute.aws_security_group.ui_server",
            "module.compute.data.aws_ami.ubuntu",
            "module.compute.data.aws_ami.windows_server",
            "module.compute.local_file.private_key",
            "module.compute.tls_private_key.optima",
            "module.dns.data.aws_route53_zone.main",
            "module.networking.aws_subnet.private",
            "module.networking.aws_subnet.public",
            "module.networking.aws_vpc.main"
          ]
        }
      ]
    },
    {
      "module": "module.networking",
      "mode": "managed",
      "type": "aws_internet_gateway",
      "name": "main",
      "provider": "provider[\"registry.terraform.io/hashicorp/aws\"]",
      "instances": [
        {
          "schema_version": 0,
          "attributes": {
            "arn": "arn:aws:ec2:ap-northeast-1:764673263023:internet-gateway/igw-0dd8f20b9f90b9efd",
            "id": "igw-0dd8f20b9f90b9efd",
            "owner_id": "764673263023",
            "tags": {
              "Name": "optima-jp-demo-igw"
            },
            "tags_all": {
              "Name": "optima-jp-demo-igw"
            },
            "timeouts": null,
            "vpc_id": "vpc-04ea85205654fd520"
          },
          "sensitive_attributes": [],
          "identity_schema_version": 0,
          "private": "eyJlMmJmYjczMC1lY2FhLTExZTYtOGY4OC0zNDM2M2JjN2M0YzAiOnsiY3JlYXRlIjoxMjAwMDAwMDAwMDAwLCJkZWxldGUiOjEyMDAwMDAwMDAwMDAsInVwZGF0ZSI6MTIwMDAwMDAwMDAwMH19",
          "dependencies": [
            "module.networking.aws_vpc.main"
          ]
        }
      ]
    },
    {
      "module": "module.networking",
      "mode": "managed",
      "type": "aws_route_table",
      "name": "private",
      "provider": "provider[\"registry.terraform.io/hashicorp/aws\"]",
      "instances": [
        {
          "schema_version": 0,
          "attributes": {
            "arn": "arn:aws:ec2:ap-northeast-1:764673263023:route-table/rtb-0492186b4df0e6fc9",
            "id": "rtb-0492186b4df0e6fc9",
            "owner_id": "764673263023",
            "propagating_vgws": [],
            "route": [],
            "tags": {
              "Name": "optima-jp-demo-private-rt"
            },
            "tags_all": {
              "Name": "optima-jp-demo-private-rt"
            },
            "timeouts": null,
            "vpc_id": "vpc-04ea85205654fd520"
          },
          "sensitive_attributes": [],
          "identity_schema_version": 0,
          "private": "eyJlMmJmYjczMC1lY2FhLTExZTYtOGY4OC0zNDM2M2JjN2M0YzAiOnsiY3JlYXRlIjozMDAwMDAwMDAwMDAsImRlbGV0ZSI6MzAwMDAwMDAwMDAwLCJ1cGRhdGUiOjEyMDAwMDAwMDAwMH19",
          "dependencies": [
            "module.networking.aws_vpc.main"
          ]
        }
      ]
    },
    {
      "module": "module.networking",
      "mode": "managed",
      "type": "aws_route_table",
      "name": "public",
      "provider": "provider[\"registry.terraform.io/hashicorp/aws\"]",
      "instances": [
        {
          "schema_version": 0,
          "attributes": {
            "arn": "arn:aws:ec2:ap-northeast-1:764673263023:route-table/rtb-077019da3efb1946b",
            "id": "rtb-077019da3efb1946b",
            "owner_id": "764673263023",
            "propagating_vgws": [],
            "route": [
              {
                "carrier_gateway_id": "",
                "cidr_block": "0.0.0.0/0",
                "core_network_arn": "",
                "destination_prefix_list_id": "",
                "egress_only_gateway_id": "",
                "gateway_id": "igw-0dd8f20b9f90b9efd",
                "ipv6_cidr_block": "",
                "local_gateway_id": "",
                "nat_gateway_id": "",
                "network_interface_id": "",
                "transit_gateway_id": "",
                "vpc_endpoint_id": "",
                "vpc_peering_connection_id": ""
              }
            ],
            "tags": {
              "Name": "optima-jp-demo-public-rt"
            },
            "tags_all": {
              "Name": "optima-jp-demo-public-rt"
            },
            "timeouts": null,
            "vpc_id": "vpc-04ea85205654fd520"
          },
          "sensitive_attributes": [],
          "identity_schema_version": 0,
          "private": "eyJlMmJmYjczMC1lY2FhLTExZTYtOGY4OC0zNDM2M2JjN2M0YzAiOnsiY3JlYXRlIjozMDAwMDAwMDAwMDAsImRlbGV0ZSI6MzAwMDAwMDAwMDAwLCJ1cGRhdGUiOjEyMDAwMDAwMDAwMH19",
          "dependencies": [
            "module.networking.aws_internet_gateway.main",
            "module.networking.aws_vpc.main"
          ]
        }
      ]
    },
    {
      "module": "module.networking",
      "mode": "managed",
      "type": "aws_route_table_association",
      "name": "private",
      "provider": "provider[\"registry.terraform.io/hashicorp/aws\"]",
      "instances": [
        {
          "index_key": 0,
          "schema_version": 0,
          "attributes": {
            "gateway_id": "",
            "id": "rtbassoc-0f03c6b09517093cf",
            "route_table_id": "rtb-0492186b4df0e6fc9",
            "subnet_id": "subnet-0405b3a7971896a75",
            "timeouts": null
          },
          "sensitive_attributes": [],
          "identity_schema_version": 0,
          "private": "eyJlMmJmYjczMC1lY2FhLTExZTYtOGY4OC0zNDM2M2JjN2M0YzAiOnsiY3JlYXRlIjozMDAwMDAwMDAwMDAsImRlbGV0ZSI6MzAwMDAwMDAwMDAwLCJ1cGRhdGUiOjEyMDAwMDAwMDAwMH19",
          "dependencies": [
            "module.networking.aws_route_table.private",
            "module.networking.aws_subnet.private",
            "module.networking.aws_vpc.main"
          ]
        },
        {
          "index_key": 1,
          "schema_version": 0,
          "attributes": {
            "gateway_id": "",
            "id": "rtbassoc-02e3d63be17182077",
            "route_table_id": "rtb-0492186b4df0e6fc9",
            "subnet_id": "subnet-099875797633939b1",
            "timeouts": null
          },
          "sensitive_attributes": [],
          "identity_schema_version": 0,
          "private": "eyJlMmJmYjczMC1lY2FhLTExZTYtOGY4OC0zNDM2M2JjN2M0YzAiOnsiY3JlYXRlIjozMDAwMDAwMDAwMDAsImRlbGV0ZSI6MzAwMDAwMDAwMDAwLCJ1cGRhdGUiOjEyMDAwMDAwMDAwMH19",
          "dependencies": [
            "module.networking.aws_route_table.private",
            "module.networking.aws_subnet.private",
            "module.networking.aws_vpc.main"
          ]
        }
      ]
    },
    {
      "module": "module.networking",
      "mode": "managed",
      "type": "aws_route_table_association",
      "name": "public",
      "provider": "provider[\"registry.terraform.io/hashicorp/aws\"]",
      "instances": [
        {
          "index_key": 0,
          "schema_version": 0,
          "attributes": {
            "gateway_id": "",
            "id": "rtbassoc-053e2c4c5a6c3fa7a",
            "route_table_id": "rtb-077019da3efb1946b",
            "subnet_id": "subnet-09f1580592293aac2",
            "timeouts": null
          },
          "sensitive_attributes": [],
          "identity_schema_version": 0,
          "private": "eyJlMmJmYjczMC1lY2FhLTExZTYtOGY4OC0zNDM2M2JjN2M0YzAiOnsiY3JlYXRlIjozMDAwMDAwMDAwMDAsImRlbGV0ZSI6MzAwMDAwMDAwMDAwLCJ1cGRhdGUiOjEyMDAwMDAwMDAwMH19",
          "dependencies": [
            "module.networking.aws_internet_gateway.main",
            "module.networking.aws_route_table.public",
            "module.networking.aws_subnet.public",
            "module.networking.aws_vpc.main"
          ]
        },
        {
          "index_key": 1,
          "schema_version": 0,
          "attributes": {
            "gateway_id": "",
            "id": "rtbassoc-08dc1cab3da803c78",
            "route_table_id": "rtb-077019da3efb1946b",
            "subnet_id": "subnet-01508408eff7f17df",
            "timeouts": null
          },
          "sensitive_attributes": [],
          "identity_schema_version": 0,
          "private": "eyJlMmJmYjczMC1lY2FhLTExZTYtOGY4OC0zNDM2M2JjN2M0YzAiOnsiY3JlYXRlIjozMDAwMDAwMDAwMDAsImRlbGV0ZSI6MzAwMDAwMDAwMDAwLCJ1cGRhdGUiOjEyMDAwMDAwMDAwMH19",
          "dependencies": [
            "module.networking.aws_internet_gateway.main",
            "module.networking.aws_route_table.public",
            "module.networking.aws_subnet.public",
            "module.networking.aws_vpc.main"
          ]
        }
      ]
    },
    {
      "module": "module.networking",
      "mode": "managed",
      "type": "aws_security_group",
      "name": "open",
      "provider": "provider[\"registry.terraform.io/hashicorp/aws\"]",
      "instances": [
        {
          "schema_version": 1,
          "attributes": {
            "arn": "arn:aws:ec2:ap-northeast-1:764673263023:security-group/sg-02e9cd2a5b782420e",
            "description": "Managed by Terraform",
            "egress": [
              {
                "cidr_blocks": [
                  "0.0.0.0/0"
                ],
                "description": "",
                "from_port": 0,
                "ipv6_cidr_blocks": [],
                "prefix_list_ids": [],
                "protocol": "-1",
                "security_groups": [],
                "self": false,
                "to_port": 0
              }
            ],
            "id": "sg-02e9cd2a5b782420e",
            "ingress": [
              {
                "cidr_blocks": [
                  "0.0.0.0/0"
                ],
                "description": "",
                "from_port": 0,
                "ipv6_cidr_blocks": [],
                "prefix_list_ids": [],
                "protocol": "tcp",
                "security_groups": [],
                "self": false,
                "to_port": 65535
              }
            ],
            "name": "optima-jp-demo-open-20251029161420187400000002",
            "name_prefix": "optima-jp-demo-open-",
            "owner_id": "764673263023",
            "revoke_rules_on_delete": false,
            "tags": {
              "Name": "optima-jp-demo-open-sg"
            },
            "tags_all": {
              "Name": "optima-jp-demo-open-sg"
            },
            "timeouts": null,
            "vpc_id": "vpc-04ea85205654fd520"
          },
          "sensitive_attributes": [],
          "identity_schema_version": 0,
          "private": "eyJlMmJmYjczMC1lY2FhLTExZTYtOGY4OC0zNDM2M2JjN2M0YzAiOnsiY3JlYXRlIjo2MDAwMDAwMDAwMDAsImRlbGV0ZSI6OTAwMDAwMDAwMDAwfSwic2NoZW1hX3ZlcnNpb24iOiIxIn0=",
          "dependencies": [
            "module.networking.aws_vpc.main"
          ]
        }
      ]
    },
    {
      "module": "module.networking",
      "mode": "managed",
      "type": "aws_subnet",
      "name": "private",
      "provider": "provider[\"registry.terraform.io/hashicorp/aws\"]",
      "instances": [
        {
          "index_key": 0,
          "schema_version": 1,
          "attributes": {
            "arn": "arn:aws:ec2:ap-northeast-1:764673263023:subnet/subnet-0405b3a7971896a75",
            "assign_ipv6_address_on_creation": false,
            "availability_zone": "ap-northeast-1a",
            "availability_zone_id": "apne1-az4",
            "cidr_block": "10.0.10.0/24",
            "customer_owned_ipv4_pool": "",
            "enable_dns64": false,
            "enable_lni_at_device_index": 0,
            "enable_resource_name_dns_a_record_on_launch": false,
            "enable_resource_name_dns_aaaa_record_on_launch": false,
            "id": "subnet-0405b3a7971896a75",
            "ipv6_cidr_block": "",
            "ipv6_cidr_block_association_id": "",
            "ipv6_native": false,
            "map_customer_owned_ip_on_launch": false,
            "map_public_ip_on_launch": false,
            "outpost_arn": "",
            "owner_id": "764673263023",
            "private_dns_hostname_type_on_launch": "ip-name",
            "tags": {
              "Name": "optima-jp-demo-private-1",
              "Type": "private"
            },
            "tags_all": {
              "Name": "optima-jp-demo-private-1",
              "Type": "private"
            },
            "timeouts": null,
            "vpc_id": "vpc-04ea85205654fd520"
          },
          "sensitive_attributes": [],
          "identity_schema_version": 0,
          "private": "eyJlMmJmYjczMC1lY2FhLTExZTYtOGY4OC0zNDM2M2JjN2M0YzAiOnsiY3JlYXRlIjo2MDAwMDAwMDAwMDAsImRlbGV0ZSI6MTIwMDAwMDAwMDAwMH0sInNjaGVtYV92ZXJzaW9uIjoiMSJ9",
          "dependencies": [
            "module.networking.aws_vpc.main"
          ]
        },
        {
          "index_key": 1,
          "schema_version": 1,
          "attributes": {
            "arn": "arn:aws:ec2:ap-northeast-1:764673263023:subnet/subnet-099875797633939b1",
            "assign_ipv6_address_on_creation": false,
            "availability_zone": "ap-northeast-1c",
            "availability_zone_id": "apne1-az1",
            "cidr_block": "10.0.11.0/24",
            "customer_owned_ipv4_pool": "",
            "enable_dns64": false,
            "enable_lni_at_device_index": 0,
            "enable_resource_name_dns_a_record_on_launch": false,
            "enable_resource_name_dns_aaaa_record_on_launch": false,
            "id": "subnet-099875797633939b1",
            "ipv6_cidr_block": "",
            "ipv6_cidr_block_association_id": "",
            "ipv6_native": false,
            "map_customer_owned_ip_on_launch": false,
            "map_public_ip_on_launch": false,
            "outpost_arn": "",
            "owner_id": "764673263023",
            "private_dns_hostname_type_on_launch": "ip-name",
            "tags": {
              "Name": "optima-jp-demo-private-2",
              "Type": "private"
            },
            "tags_all": {
              "Name": "optima-jp-demo-private-2",
              "Type": "private"
            },
            "timeouts": null,
            "vpc_id": "vpc-04ea85205654fd520"
          },
          "sensitive_attributes": [],
          "identity_schema_version": 0,
          "private": "eyJlMmJmYjczMC1lY2FhLTExZTYtOGY4OC0zNDM2M2JjN2M0YzAiOnsiY3JlYXRlIjo2MDAwMDAwMDAwMDAsImRlbGV0ZSI6MTIwMDAwMDAwMDAwMH0sInNjaGVtYV92ZXJzaW9uIjoiMSJ9",
          "dependencies": [
            "module.networking.aws_vpc.main"
          ]
        }
      ]
    },
    {
      "module": "module.networking",
      "mode": "managed",
      "type": "aws_subnet",
      "name": "public",
      "provider": "provider[\"registry.terraform.io/hashicorp/aws\"]",
      "instances": [
        {
          "index_key": 0,
          "schema_version": 1,
          "attributes": {
            "arn": "arn:aws:ec2:ap-northeast-1:764673263023:subnet/subnet-09f1580592293aac2",
            "assign_ipv6_address_on_creation": false,
            "availability_zone": "ap-northeast-1a",
            "availability_zone_id": "apne1-az4",
            "cidr_block": "10.0.1.0/24",
            "customer_owned_ipv4_pool": "",
            "enable_dns64": false,
            "enable_lni_at_device_index": 0,
            "enable_resource_name_dns_a_record_on_launch": false,
            "enable_resource_name_dns_aaaa_record_on_launch": false,
            "id": "subnet-09f1580592293aac2",
            "ipv6_cidr_block": "",
            "ipv6_cidr_block_association_id": "",
            "ipv6_native": false,
            "map_customer_owned_ip_on_launch": false,
            "map_public_ip_on_launch": true,
            "outpost_arn": "",
            "owner_id": "764673263023",
            "private_dns_hostname_type_on_launch": "ip-name",
            "tags": {
              "Name": "optima-jp-demo-public-1",
              "Type": "public"
            },
            "tags_all": {
              "Name": "optima-jp-demo-public-1",
              "Type": "public"
            },
            "timeouts": null,
            "vpc_id": "vpc-04ea85205654fd520"
          },
          "sensitive_attributes": [],
          "identity_schema_version": 0,
          "private": "eyJlMmJmYjczMC1lY2FhLTExZTYtOGY4OC0zNDM2M2JjN2M0YzAiOnsiY3JlYXRlIjo2MDAwMDAwMDAwMDAsImRlbGV0ZSI6MTIwMDAwMDAwMDAwMH0sInNjaGVtYV92ZXJzaW9uIjoiMSJ9",
          "dependencies": [
            "module.networking.aws_vpc.main"
          ]
        },
        {
          "index_key": 1,
          "schema_version": 1,
          "attributes": {
            "arn": "arn:aws:ec2:ap-northeast-1:764673263023:subnet/subnet-01508408eff7f17df",
            "assign_ipv6_address_on_creation": false,
            "availability_zone": "ap-northeast-1c",
            "availability_zone_id": "apne1-az1",
            "cidr_block": "10.0.2.0/24",
            "customer_owned_ipv4_pool": "",
            "enable_dns64": false,
            "enable_lni_at_device_index": 0,
            "enable_resource_name_dns_a_record_on_launch": false,
            "enable_resource_name_dns_aaaa_record_on_launch": false,
            "id": "subnet-01508408eff7f17df",
            "ipv6_cidr_block": "",
            "ipv6_cidr_block_association_id": "",
            "ipv6_native": false,
            "map_customer_owned_ip_on_launch": false,
            "map_public_ip_on_launch": true,
            "outpost_arn": "",
            "owner_id": "764673263023",
            "private_dns_hostname_type_on_launch": "ip-name",
            "tags": {
              "Name": "optima-jp-demo-public-2",
              "Type": "public"
            },
            "tags_all": {
              "Name": "optima-jp-demo-public-2",
              "Type": "public"
            },
            "timeouts": null,
            "vpc_id": "vpc-04ea85205654fd520"
          },
          "sensitive_attributes": [],
          "identity_schema_version": 0,
          "private": "eyJlMmJmYjczMC1lY2FhLTExZTYtOGY4OC0zNDM2M2JjN2M0YzAiOnsiY3JlYXRlIjo2MDAwMDAwMDAwMDAsImRlbGV0ZSI6MTIwMDAwMDAwMDAwMH0sInNjaGVtYV92ZXJzaW9uIjoiMSJ9",
          "dependencies": [
            "module.networking.aws_vpc.main"
          ]
        }
      ]
    },
    {
      "module": "module.networking",
      "mode": "managed",
      "type": "aws_vpc",
      "name": "main",
      "provider": "provider[\"registry.terraform.io/hashicorp/aws\"]",
      "instances": [
        {
          "schema_version": 1,
          "attributes": {
            "arn": "arn:aws:ec2:ap-northeast-1:764673263023:vpc/vpc-04ea85205654fd520",
            "assign_generated_ipv6_cidr_block": false,
            "cidr_block": "10.0.0.0/16",
            "default_network_acl_id": "acl-0dc42f385411a371e",
            "default_route_table_id": "rtb-05e0716c295ddf551",
            "default_security_group_id": "sg-06c96c32edf206c0b",
            "dhcp_options_id": "dopt-60f81606",
            "enable_dns_hostnames": true,
            "enable_dns_support": true,
            "enable_network_address_usage_metrics": false,
            "id": "vpc-04ea85205654fd520",
            "instance_tenancy": "default",
            "ipv4_ipam_pool_id": null,
            "ipv4_netmask_length": null,
            "ipv6_association_id": "",
            "ipv6_cidr_block": "",
            "ipv6_cidr_block_network_border_group": "",
            "ipv6_ipam_pool_id": "",
            "ipv6_netmask_length": 0,
            "main_route_table_id": "rtb-05e0716c295ddf551",
            "owner_id": "764673263023",
            "tags": {
              "Country": "jp",
              "Environment": "demo",
              "Name": "optima-jp-demo",
              "Project": "optima"
            },
            "tags_all": {
              "Country": "jp",
              "Environment": "demo",
              "Name": "optima-jp-demo",
              "Project": "optima"
            }
          },
          "sensitive_attributes": [],
          "identity_schema_version": 0,
          "private": "eyJzY2hlbWFfdmVyc2lvbiI6IjEifQ=="
        }
      ]
    }
  ],
  "check_results": null
}
